// !$*UTF8*$!
{
	archiveVersion = 1;
	classes = {
	};
	objectVersion = 46;
	objects = {

/* Begin PBXAggregateTarget section */
		9273E64013D6166C002BA3A0 /* Documentation */ = {
			isa = PBXAggregateTarget;
			buildConfigurationList = 9273E64313D6166C002BA3A0 /* Build configuration list for PBXAggregateTarget "Documentation" */;
			buildPhases = (
				9273E64513D61678002BA3A0 /* Run Script */,
			);
			dependencies = (
			);
			name = Documentation;
			productName = Documentation;
		};
		9293B85114AF8E55006D96E7 /* Sparkle */ = {
			isa = PBXAggregateTarget;
			buildConfigurationList = 9293B85214AF8E55006D96E7 /* Build configuration list for PBXAggregateTarget "Sparkle" */;
			buildPhases = (
				9293B85514AF8E5A006D96E7 /* ShellScript */,
			);
			dependencies = (
			);
			name = Sparkle;
			productName = Sparkle;
		};
/* End PBXAggregateTarget section */

/* Begin PBXBuildFile section */
		920660E113C89845003A3803 /* main.m in Sources */ = {isa = PBXBuildFile; fileRef = 920660A413C89845003A3803 /* main.m */; };
		921FBBEC140C682100D1CBE8 /* ArrayDefaultsPreferencesViewController.m in Sources */ = {isa = PBXBuildFile; fileRef = 921FBBEB140C682100D1CBE8 /* ArrayDefaultsPreferencesViewController.m */; };
		921FBBEE140C68AF00D1CBE8 /* ArrayDefaultsPreferencesView.xib in Resources */ = {isa = PBXBuildFile; fileRef = 921FBBED140C68AF00D1CBE8 /* ArrayDefaultsPreferencesView.xib */; };
		922D866713F4E4EE0016B811 /* Tagger.icns in Resources */ = {isa = PBXBuildFile; fileRef = 922D866613F4E4EE0016B811 /* Tagger.icns */; };
		922E35D713C89BF3003C5913 /* Cocoa.framework in Frameworks */ = {isa = PBXBuildFile; fileRef = 922E35D613C89BF3003C5913 /* Cocoa.framework */; };
		9239573013F43EB100A80074 /* CCTColorLabelMenuItemView.m in Sources */ = {isa = PBXBuildFile; fileRef = 9239572F13F43EB100A80074 /* CCTColorLabelMenuItemView.m */; };
		923B846413F4B7A800524BFA /* BHFinderLabelColours.m in Sources */ = {isa = PBXBuildFile; fileRef = 923B846313F4B7A800524BFA /* BHFinderLabelColours.m */; };
		9254006713F0A82C0020C912 /* libtag.1.dylib in CopyFiles */ = {isa = PBXBuildFile; fileRef = 920660B913C89845003A3803 /* libtag.1.dylib */; };
		9254007113F0AC8F0020C912 /* libtag.1.dylib in Frameworks */ = {isa = PBXBuildFile; fileRef = 920660B913C89845003A3803 /* libtag.1.dylib */; };
		9264488A13D773CE0035E693 /* arrowLeftBlack16.tiff in Resources */ = {isa = PBXBuildFile; fileRef = 9264488813D773CE0035E693 /* arrowLeftBlack16.tiff */; };
		9264488B13D773CE0035E693 /* arrowRightBlack16.tiff in Resources */ = {isa = PBXBuildFile; fileRef = 9264488913D773CE0035E693 /* arrowRightBlack16.tiff */; };
		928411AF13EB853600A92F3F /* defaults.plist in Resources */ = {isa = PBXBuildFile; fileRef = 928411AE13EB853600A92F3F /* defaults.plist */; };
		9293B84814AF7C7B006D96E7 /* Sparkle.framework in Frameworks */ = {isa = PBXBuildFile; fileRef = 9293B84614AF7C71006D96E7 /* Sparkle.framework */; };
		9293B84914AF7CA2006D96E7 /* Sparkle.framework in CopyFiles */ = {isa = PBXBuildFile; fileRef = 9293B84614AF7C71006D96E7 /* Sparkle.framework */; };
		9293B84B14AF7DFA006D96E7 /* dsa_pub.pem in Resources */ = {isa = PBXBuildFile; fileRef = 9293B84A14AF7DFA006D96E7 /* dsa_pub.pem */; };
		9293B84E14AF870D006D96E7 /* config.yaml in Resources */ = {isa = PBXBuildFile; fileRef = 9293B84D14AF870D006D96E7 /* config.yaml */; };
		929A4ACE13DA027C00244796 /* Changelog.md in Resources */ = {isa = PBXBuildFile; fileRef = 929A4ACD13DA027C00244796 /* Changelog.md */; };
		929A4ADA13DA087D00244796 /* DDAbstractDatabaseLogger.m in Sources */ = {isa = PBXBuildFile; fileRef = 929A4AD113DA087D00244796 /* DDAbstractDatabaseLogger.m */; };
		929A4ADB13DA087D00244796 /* DDASLLogger.m in Sources */ = {isa = PBXBuildFile; fileRef = 929A4AD313DA087D00244796 /* DDASLLogger.m */; };
		929A4ADC13DA087D00244796 /* DDFileLogger.m in Sources */ = {isa = PBXBuildFile; fileRef = 929A4AD513DA087D00244796 /* DDFileLogger.m */; };
		929A4ADD13DA087D00244796 /* DDLog.m in Sources */ = {isa = PBXBuildFile; fileRef = 929A4AD713DA087D00244796 /* DDLog.m */; };
		929A4ADE13DA087D00244796 /* DDTTYLogger.m in Sources */ = {isa = PBXBuildFile; fileRef = 929A4AD913DA087D00244796 /* DDTTYLogger.m */; };
		929F152913F1E5F60021F9FD /* BHDraggableImageView.m in Sources */ = {isa = PBXBuildFile; fileRef = 929F152813F1E5F60021F9FD /* BHDraggableImageView.m */; };
		92A3C49E13E2444A0024C7D3 /* MacRuby.framework in Frameworks */ = {isa = PBXBuildFile; fileRef = 92A3C49B13E244200024C7D3 /* MacRuby.framework */; };
		92A6808813EC7B130067DD5F /* MASPreferencesWindow.xib in Resources */ = {isa = PBXBuildFile; fileRef = 92A6808513EC7B130067DD5F /* MASPreferencesWindow.xib */; };
		92A6808913EC7B130067DD5F /* MASPreferencesWindowController.m in Sources */ = {isa = PBXBuildFile; fileRef = 92A6808713EC7B130067DD5F /* MASPreferencesWindowController.m */; };
		92C4466413E0BF830038F817 /* BWHyperlinkTitleButton.m in Sources */ = {isa = PBXBuildFile; fileRef = 92C4466113E0BF830038F817 /* BWHyperlinkTitleButton.m */; };
		92C4466513E0BF830038F817 /* BWHyperlinkButtonCell.m in Sources */ = {isa = PBXBuildFile; fileRef = 92C4466313E0BF830038F817 /* BWHyperlinkButtonCell.m */; };
		92D30AC31405B1B600677B70 /* IntPair.m in Sources */ = {isa = PBXBuildFile; fileRef = 92D30AC21405B1B600677B70 /* IntPair.m */; };
		92DBDEAD14AAB99A009434DB /* fields.cpp in Sources */ = {isa = PBXBuildFile; fileRef = 92DBDEAC14AAB99A009434DB /* fields.cpp */; };
		92DECF1214ABFBAC00A956E8 /* Credits.html in Resources */ = {isa = PBXBuildFile; fileRef = 92DECF1114ABFBAC00A956E8 /* Credits.html */; };
		92E6EDB713F313230045679E /* NSAttributedString+Hyperlink.m in Sources */ = {isa = PBXBuildFile; fileRef = 92E6ED7013F313230045679E /* NSAttributedString+Hyperlink.m */; };
		92E6EDB813F313230045679E /* NSImage+bitmapData.m in Sources */ = {isa = PBXBuildFile; fileRef = 92E6ED7213F313230045679E /* NSImage+bitmapData.m */; };
		92E6EDB913F313230045679E /* NSMutableArray+Stack.m in Sources */ = {isa = PBXBuildFile; fileRef = 92E6ED7413F313230045679E /* NSMutableArray+Stack.m */; };
		92E6EDBA13F313230045679E /* NSNumber+compare.m in Sources */ = {isa = PBXBuildFile; fileRef = 92E6ED7613F313230045679E /* NSNumber+compare.m */; };
		92E6EDBB13F313230045679E /* NSString+Convert.mm in Sources */ = {isa = PBXBuildFile; fileRef = 92E6ED7813F313230045679E /* NSString+Convert.mm */; };
		92E6EDBC13F313230045679E /* NSString+Numbers.m in Sources */ = {isa = PBXBuildFile; fileRef = 92E6ED7A13F313230045679E /* NSString+Numbers.m */; };
		92E6EDBD13F313230045679E /* ButtonLabelCell.m in Sources */ = {isa = PBXBuildFile; fileRef = 92E6ED7D13F313230045679E /* ButtonLabelCell.m */; };
		92E6EDBE13F313230045679E /* DraggableImageView.m in Sources */ = {isa = PBXBuildFile; fileRef = 92E6ED7F13F313230045679E /* DraggableImageView.m */; };
		92E6EDBF13F313230045679E /* ImageAndTextCell.m in Sources */ = {isa = PBXBuildFile; fileRef = 92E6ED8113F313230045679E /* ImageAndTextCell.m */; };
		92E6EDC013F313230045679E /* FileSystemNode.m in Sources */ = {isa = PBXBuildFile; fileRef = 92E6ED8413F313230045679E /* FileSystemNode.m */; };
		92E6EDC113F313230045679E /* FileSystemNodeCollection.m in Sources */ = {isa = PBXBuildFile; fileRef = 92E6ED8613F313230045679E /* FileSystemNodeCollection.m */; };
		92E6EDC213F313230045679E /* PSDDFormatter.m in Sources */ = {isa = PBXBuildFile; fileRef = 92E6ED8A13F313230045679E /* PSDDFormatter.m */; };
		92E6EDC313F313230045679E /* MainController.m in Sources */ = {isa = PBXBuildFile; fileRef = 92E6ED8D13F313230045679E /* MainController.m */; };
		92E6EDC413F313230045679E /* MainMenu.xib in Resources */ = {isa = PBXBuildFile; fileRef = 92E6ED8E13F313230045679E /* MainMenu.xib */; };
		92E6EDC513F313230045679E /* VGTaggerAppDelegate.m in Sources */ = {isa = PBXBuildFile; fileRef = 92E6ED9013F313230045679E /* VGTaggerAppDelegate.m */; };
		92E6EDC613F313230045679E /* AdvancedPreferencesView.xib in Resources */ = {isa = PBXBuildFile; fileRef = 92E6ED9213F313230045679E /* AdvancedPreferencesView.xib */; };
		92E6EDC713F313230045679E /* AdvancedPreferencesViewController.m in Sources */ = {isa = PBXBuildFile; fileRef = 92E6ED9413F313230045679E /* AdvancedPreferencesViewController.m */; };
		92E6EDC813F313230045679E /* CoverView.xib in Resources */ = {isa = PBXBuildFile; fileRef = 92E6ED9513F313230045679E /* CoverView.xib */; };
		92E6EDC913F313230045679E /* CoverViewController.m in Sources */ = {isa = PBXBuildFile; fileRef = 92E6ED9713F313230045679E /* CoverViewController.m */; };
		92E6EDCA13F313230045679E /* GeneralPreferencesView.xib in Resources */ = {isa = PBXBuildFile; fileRef = 92E6ED9813F313230045679E /* GeneralPreferencesView.xib */; };
		92E6EDCB13F313230045679E /* GeneralPreferencesViewController.m in Sources */ = {isa = PBXBuildFile; fileRef = 92E6ED9A13F313230045679E /* GeneralPreferencesViewController.m */; };
		92E6EDCC13F313230045679E /* RenameDisplay.xib in Resources */ = {isa = PBXBuildFile; fileRef = 92E6ED9C13F313230045679E /* RenameDisplay.xib */; };
		92E6EDCD13F313230045679E /* RenamingFilesController.m in Sources */ = {isa = PBXBuildFile; fileRef = 92E6ED9E13F313230045679E /* RenamingFilesController.m */; };
		92E6EDCF13F313230045679E /* MP4Tags.mm in Sources */ = {isa = PBXBuildFile; fileRef = 92E6EDA313F313230045679E /* MP4Tags.mm */; };
		92E6EDD013F313230045679E /* MPEGTags.mm in Sources */ = {isa = PBXBuildFile; fileRef = 92E6EDA513F313230045679E /* MPEGTags.mm */; };
		92E6EDD113F313230045679E /* Tags.mm in Sources */ = {isa = PBXBuildFile; fileRef = 92E6EDA813F313230045679E /* Tags.mm */; };
		92E6EDD213F313230045679E /* NumberToTimeTransformer.m in Sources */ = {isa = PBXBuildFile; fileRef = 92E6EDAC13F313230045679E /* NumberToTimeTransformer.m */; };
		92E6EDD313F313230045679E /* DisplayController.m in Sources */ = {isa = PBXBuildFile; fileRef = 92E6EDAF13F313230045679E /* DisplayController.m */; };
		92E6EDD413F313230045679E /* Utility.m in Sources */ = {isa = PBXBuildFile; fileRef = 92E6EDB113F313230045679E /* Utility.m */; };
		92E6EDD513F313230045679E /* Vgmdb.rb in Resources */ = {isa = PBXBuildFile; fileRef = 92E6EDB213F313230045679E /* Vgmdb.rb */; };
		92E6EDD613F313230045679E /* VgmdbController.m in Sources */ = {isa = PBXBuildFile; fileRef = 92E6EDB413F313230045679E /* VgmdbController.m */; };
		92E6EDD713F313230045679E /* VgmdbDisplay.xib in Resources */ = {isa = PBXBuildFile; fileRef = 92E6EDB513F313230045679E /* VgmdbDisplay.xib */; };
		92E6EDD813F313230045679E /* VgmdbSearch.xib in Resources */ = {isa = PBXBuildFile; fileRef = 92E6EDB613F313230045679E /* VgmdbSearch.xib */; };
		92E6EDDF13F314260045679E /* InfoPlist.strings in Resources */ = {isa = PBXBuildFile; fileRef = 92E6EDDD13F314260045679E /* InfoPlist.strings */; };
		92E6EDE413F320540045679E /* ScriptingBridge.framework in Frameworks */ = {isa = PBXBuildFile; fileRef = 92E6EDE313F320540045679E /* ScriptingBridge.framework */; };
		92E6EDF713F32B3C0045679E /* Quartz.framework in Frameworks */ = {isa = PBXBuildFile; fileRef = 92E6EDF613F32B3C0045679E /* Quartz.framework */; };
		92E6EE3213F35FD50045679E /* QuickLookTableView.m in Sources */ = {isa = PBXBuildFile; fileRef = 92E6EE3113F35FD50045679E /* QuickLookTableView.m */; };
		92F16DB114041AC10031E4B4 /* RegexKitLite.m in Sources */ = {isa = PBXBuildFile; fileRef = 92F16DB014041AC10031E4B4 /* RegexKitLite.m */; };
		92F16DB314041D8B0031E4B4 /* libicucore.dylib in Frameworks */ = {isa = PBXBuildFile; fileRef = 92F16DB214041D8B0031E4B4 /* libicucore.dylib */; };
/* End PBXBuildFile section */

/* Begin PBXContainerItemProxy section */
		9254007213F0B4150020C912 /* PBXContainerItemProxy */ = {
			isa = PBXContainerItemProxy;
			containerPortal = 925CE81413C3BD6D009D6D94 /* Project object */;
			proxyType = 1;
			remoteGlobalIDString = 925CE81C13C3BD6D009D6D94;
			remoteInfo = VGTagger;
		};
/* End PBXContainerItemProxy section */

/* Begin PBXCopyFilesBuildPhase section */
		9254006613F0A80C0020C912 /* CopyFiles */ = {
			isa = PBXCopyFilesBuildPhase;
			buildActionMask = 2147483647;
			dstPath = "";
			dstSubfolderSpec = 10;
			files = (
				9254006713F0A82C0020C912 /* libtag.1.dylib in CopyFiles */,
				9293B84914AF7CA2006D96E7 /* Sparkle.framework in CopyFiles */,
			);
			runOnlyForDeploymentPostprocessing = 0;
		};
/* End PBXCopyFilesBuildPhase section */

/* Begin PBXFileReference section */
		920660A413C89845003A3803 /* main.m */ = {isa = PBXFileReference; fileEncoding = 4; lastKnownFileType = sourcecode.c.objc; path = main.m; sourceTree = "<group>"; };
		920660B913C89845003A3803 /* libtag.1.dylib */ = {isa = PBXFileReference; lastKnownFileType = "compiled.mach-o.dylib"; name = libtag.1.dylib; path = ../Frameworks/libtag.1.dylib; sourceTree = "<group>"; };
		920660BB13C89845003A3803 /* VGTagger-Info.plist */ = {isa = PBXFileReference; fileEncoding = 4; lastKnownFileType = text.plist.xml; name = "VGTagger-Info.plist"; path = "../Other Sources/VGTagger-Info.plist"; sourceTree = "<group>"; };
		920660BC13C89845003A3803 /* VGTagger-Prefix.pch */ = {isa = PBXFileReference; fileEncoding = 4; lastKnownFileType = sourcecode.c.h; path = "VGTagger-Prefix.pch"; sourceTree = "<group>"; };
		921FBBE6140C641000D1CBE8 /* ArrayDefaultsPreferencesViewController.h */ = {isa = PBXFileReference; fileEncoding = 4; lastKnownFileType = sourcecode.c.h; path = ArrayDefaultsPreferencesViewController.h; sourceTree = "<group>"; };
		921FBBEB140C682100D1CBE8 /* ArrayDefaultsPreferencesViewController.m */ = {isa = PBXFileReference; fileEncoding = 4; lastKnownFileType = sourcecode.c.objc; path = ArrayDefaultsPreferencesViewController.m; sourceTree = "<group>"; };
		921FBBED140C68AF00D1CBE8 /* ArrayDefaultsPreferencesView.xib */ = {isa = PBXFileReference; fileEncoding = 4; lastKnownFileType = file.xib; path = ArrayDefaultsPreferencesView.xib; sourceTree = "<group>"; };
		922D865F13F4E4430016B811 /* Tagger.png */ = {isa = PBXFileReference; lastKnownFileType = image.png; path = Tagger.png; sourceTree = "<group>"; };
		922D866613F4E4EE0016B811 /* Tagger.icns */ = {isa = PBXFileReference; lastKnownFileType = image.icns; name = Tagger.icns; path = ../Tagger.icns; sourceTree = "<group>"; };
		922D866813F4E54B0016B811 /* Tagger.svg */ = {isa = PBXFileReference; lastKnownFileType = text.xml; path = Tagger.svg; sourceTree = "<group>"; };
		922E35D613C89BF3003C5913 /* Cocoa.framework */ = {isa = PBXFileReference; lastKnownFileType = wrapper.framework; name = Cocoa.framework; path = System/Library/Frameworks/Cocoa.framework; sourceTree = SDKROOT; };
		9239572E13F43EB100A80074 /* CCTColorLabelMenuItemView.h */ = {isa = PBXFileReference; fileEncoding = 4; lastKnownFileType = sourcecode.c.h; path = CCTColorLabelMenuItemView.h; sourceTree = "<group>"; };
		9239572F13F43EB100A80074 /* CCTColorLabelMenuItemView.m */ = {isa = PBXFileReference; fileEncoding = 4; lastKnownFileType = sourcecode.c.objc; path = CCTColorLabelMenuItemView.m; sourceTree = "<group>"; };
		923B846213F4B7A800524BFA /* BHFinderLabelColours.h */ = {isa = PBXFileReference; fileEncoding = 4; lastKnownFileType = sourcecode.c.h; path = BHFinderLabelColours.h; sourceTree = "<group>"; };
		923B846313F4B7A800524BFA /* BHFinderLabelColours.m */ = {isa = PBXFileReference; fileEncoding = 4; lastKnownFileType = sourcecode.c.objc; path = BHFinderLabelColours.m; sourceTree = "<group>"; };
		925CE81D13C3BD6D009D6D94 /* Tagger.app */ = {isa = PBXFileReference; explicitFileType = wrapper.application; includeInIndex = 0; path = Tagger.app; sourceTree = BUILT_PRODUCTS_DIR; };
		9264488813D773CE0035E693 /* arrowLeftBlack16.tiff */ = {isa = PBXFileReference; lastKnownFileType = image.tiff; path = arrowLeftBlack16.tiff; sourceTree = "<group>"; };
		9264488913D773CE0035E693 /* arrowRightBlack16.tiff */ = {isa = PBXFileReference; lastKnownFileType = image.tiff; path = arrowRightBlack16.tiff; sourceTree = "<group>"; };
		927883BF13E06E5000063D28 /* Readme.md */ = {isa = PBXFileReference; fileEncoding = 4; lastKnownFileType = text; path = Readme.md; sourceTree = "<group>"; };
		927883C013E06EED00063D28 /* Todo.md */ = {isa = PBXFileReference; lastKnownFileType = text; path = Todo.md; sourceTree = "<group>"; };
		928411AE13EB853600A92F3F /* defaults.plist */ = {isa = PBXFileReference; fileEncoding = 4; lastKnownFileType = text.plist.xml; path = defaults.plist; sourceTree = "<group>"; };
		928557FF13EF6352002C5112 /* Test Files */ = {isa = PBXFileReference; lastKnownFileType = folder; path = "Test Files"; sourceTree = SOURCE_ROOT; };
		9293B84614AF7C71006D96E7 /* Sparkle.framework */ = {isa = PBXFileReference; lastKnownFileType = wrapper.framework; path = Sparkle.framework; sourceTree = "<group>"; };
		9293B84A14AF7DFA006D96E7 /* dsa_pub.pem */ = {isa = PBXFileReference; fileEncoding = 4; lastKnownFileType = text; path = dsa_pub.pem; sourceTree = "<group>"; };
		9293B84D14AF870D006D96E7 /* config.yaml */ = {isa = PBXFileReference; fileEncoding = 4; lastKnownFileType = text; path = config.yaml; sourceTree = "<group>"; };
		9293B84F14AF88DC006D96E7 /* appcast_automation.rb */ = {isa = PBXFileReference; lastKnownFileType = text.script.ruby; path = appcast_automation.rb; sourceTree = "<group>"; };
		929A4ACD13DA027C00244796 /* Changelog.md */ = {isa = PBXFileReference; fileEncoding = 4; lastKnownFileType = text; path = Changelog.md; sourceTree = "<group>"; };
		929A4AD013DA087D00244796 /* DDAbstractDatabaseLogger.h */ = {isa = PBXFileReference; fileEncoding = 4; lastKnownFileType = sourcecode.c.h; path = DDAbstractDatabaseLogger.h; sourceTree = "<group>"; };
		929A4AD113DA087D00244796 /* DDAbstractDatabaseLogger.m */ = {isa = PBXFileReference; fileEncoding = 4; lastKnownFileType = sourcecode.c.objc; path = DDAbstractDatabaseLogger.m; sourceTree = "<group>"; };
		929A4AD213DA087D00244796 /* DDASLLogger.h */ = {isa = PBXFileReference; fileEncoding = 4; lastKnownFileType = sourcecode.c.h; path = DDASLLogger.h; sourceTree = "<group>"; };
		929A4AD313DA087D00244796 /* DDASLLogger.m */ = {isa = PBXFileReference; fileEncoding = 4; lastKnownFileType = sourcecode.c.objc; path = DDASLLogger.m; sourceTree = "<group>"; };
		929A4AD413DA087D00244796 /* DDFileLogger.h */ = {isa = PBXFileReference; fileEncoding = 4; lastKnownFileType = sourcecode.c.h; path = DDFileLogger.h; sourceTree = "<group>"; };
		929A4AD513DA087D00244796 /* DDFileLogger.m */ = {isa = PBXFileReference; fileEncoding = 4; lastKnownFileType = sourcecode.c.objc; path = DDFileLogger.m; sourceTree = "<group>"; };
		929A4AD613DA087D00244796 /* DDLog.h */ = {isa = PBXFileReference; fileEncoding = 4; lastKnownFileType = sourcecode.c.h; path = DDLog.h; sourceTree = "<group>"; };
		929A4AD713DA087D00244796 /* DDLog.m */ = {isa = PBXFileReference; fileEncoding = 4; lastKnownFileType = sourcecode.c.objc; path = DDLog.m; sourceTree = "<group>"; };
		929A4AD813DA087D00244796 /* DDTTYLogger.h */ = {isa = PBXFileReference; fileEncoding = 4; lastKnownFileType = sourcecode.c.h; path = DDTTYLogger.h; sourceTree = "<group>"; };
		929A4AD913DA087D00244796 /* DDTTYLogger.m */ = {isa = PBXFileReference; fileEncoding = 4; lastKnownFileType = sourcecode.c.objc; path = DDTTYLogger.m; sourceTree = "<group>"; };
		929F152713F1E5F60021F9FD /* BHDraggableImageView.h */ = {isa = PBXFileReference; fileEncoding = 4; lastKnownFileType = sourcecode.c.h; name = BHDraggableImageView.h; path = BHDraggableImageView/BHDraggableImageView.h; sourceTree = "<group>"; };
		929F152813F1E5F60021F9FD /* BHDraggableImageView.m */ = {isa = PBXFileReference; fileEncoding = 4; lastKnownFileType = sourcecode.c.objc; name = BHDraggableImageView.m; path = BHDraggableImageView/BHDraggableImageView.m; sourceTree = "<group>"; };
		92A3C49B13E244200024C7D3 /* MacRuby.framework */ = {isa = PBXFileReference; lastKnownFileType = wrapper.framework; name = MacRuby.framework; path = Library/Frameworks/MacRuby.framework; sourceTree = SDKROOT; };
		92A6808413EC7B130067DD5F /* MASPreferencesViewController.h */ = {isa = PBXFileReference; fileEncoding = 4; lastKnownFileType = sourcecode.c.h; path = MASPreferencesViewController.h; sourceTree = "<group>"; };
		92A6808513EC7B130067DD5F /* MASPreferencesWindow.xib */ = {isa = PBXFileReference; fileEncoding = 4; lastKnownFileType = file.xib; path = MASPreferencesWindow.xib; sourceTree = "<group>"; };
		92A6808613EC7B130067DD5F /* MASPreferencesWindowController.h */ = {isa = PBXFileReference; fileEncoding = 4; lastKnownFileType = sourcecode.c.h; path = MASPreferencesWindowController.h; sourceTree = "<group>"; };
		92A6808713EC7B130067DD5F /* MASPreferencesWindowController.m */ = {isa = PBXFileReference; fileEncoding = 4; lastKnownFileType = sourcecode.c.objc; path = MASPreferencesWindowController.m; sourceTree = "<group>"; };
		92C4466013E0BF830038F817 /* BWHyperlinkTitleButton.h */ = {isa = PBXFileReference; fileEncoding = 4; lastKnownFileType = sourcecode.c.h; path = BWHyperlinkTitleButton.h; sourceTree = "<group>"; };
		92C4466113E0BF830038F817 /* BWHyperlinkTitleButton.m */ = {isa = PBXFileReference; fileEncoding = 4; lastKnownFileType = sourcecode.c.objc; path = BWHyperlinkTitleButton.m; sourceTree = "<group>"; };
		92C4466213E0BF830038F817 /* BWHyperlinkButtonCell.h */ = {isa = PBXFileReference; fileEncoding = 4; lastKnownFileType = sourcecode.c.h; path = BWHyperlinkButtonCell.h; sourceTree = "<group>"; };
		92C4466313E0BF830038F817 /* BWHyperlinkButtonCell.m */ = {isa = PBXFileReference; fileEncoding = 4; lastKnownFileType = sourcecode.c.objc; path = BWHyperlinkButtonCell.m; sourceTree = "<group>"; };
		92D30AC11405B1B600677B70 /* IntPair.h */ = {isa = PBXFileReference; fileEncoding = 4; lastKnownFileType = sourcecode.c.h; path = IntPair.h; sourceTree = "<group>"; };
		92D30AC21405B1B600677B70 /* IntPair.m */ = {isa = PBXFileReference; fileEncoding = 4; lastKnownFileType = sourcecode.c.objc; path = IntPair.m; sourceTree = "<group>"; };
		92DBDEAC14AAB99A009434DB /* fields.cpp */ = {isa = PBXFileReference; fileEncoding = 4; lastKnownFileType = sourcecode.cpp.cpp; path = fields.cpp; sourceTree = "<group>"; };
		92DECF1114ABFBAC00A956E8 /* Credits.html */ = {isa = PBXFileReference; fileEncoding = 4; lastKnownFileType = text.html; path = Credits.html; sourceTree = "<group>"; };
		92E6ED6F13F313230045679E /* NSAttributedString+Hyperlink.h */ = {isa = PBXFileReference; fileEncoding = 4; lastKnownFileType = sourcecode.c.h; path = "NSAttributedString+Hyperlink.h"; sourceTree = "<group>"; };
		92E6ED7013F313230045679E /* NSAttributedString+Hyperlink.m */ = {isa = PBXFileReference; fileEncoding = 4; lastKnownFileType = sourcecode.c.objc; path = "NSAttributedString+Hyperlink.m"; sourceTree = "<group>"; };
		92E6ED7113F313230045679E /* NSImage+bitmapData.h */ = {isa = PBXFileReference; fileEncoding = 4; lastKnownFileType = sourcecode.c.h; path = "NSImage+bitmapData.h"; sourceTree = "<group>"; };
		92E6ED7213F313230045679E /* NSImage+bitmapData.m */ = {isa = PBXFileReference; fileEncoding = 4; lastKnownFileType = sourcecode.c.objc; path = "NSImage+bitmapData.m"; sourceTree = "<group>"; };
		92E6ED7313F313230045679E /* NSMutableArray+Stack.h */ = {isa = PBXFileReference; fileEncoding = 4; lastKnownFileType = sourcecode.c.h; path = "NSMutableArray+Stack.h"; sourceTree = "<group>"; };
		92E6ED7413F313230045679E /* NSMutableArray+Stack.m */ = {isa = PBXFileReference; fileEncoding = 4; lastKnownFileType = sourcecode.c.objc; path = "NSMutableArray+Stack.m"; sourceTree = "<group>"; };
		92E6ED7513F313230045679E /* NSNumber+compare.h */ = {isa = PBXFileReference; fileEncoding = 4; lastKnownFileType = sourcecode.c.h; path = "NSNumber+compare.h"; sourceTree = "<group>"; };
		92E6ED7613F313230045679E /* NSNumber+compare.m */ = {isa = PBXFileReference; fileEncoding = 4; lastKnownFileType = sourcecode.c.objc; path = "NSNumber+compare.m"; sourceTree = "<group>"; };
		92E6ED7713F313230045679E /* NSString+Convert.h */ = {isa = PBXFileReference; fileEncoding = 4; lastKnownFileType = sourcecode.c.h; path = "NSString+Convert.h"; sourceTree = "<group>"; };
		92E6ED7813F313230045679E /* NSString+Convert.mm */ = {isa = PBXFileReference; fileEncoding = 4; lastKnownFileType = sourcecode.cpp.objcpp; path = "NSString+Convert.mm"; sourceTree = "<group>"; };
		92E6ED7913F313230045679E /* NSString+Numbers.h */ = {isa = PBXFileReference; fileEncoding = 4; lastKnownFileType = sourcecode.c.h; path = "NSString+Numbers.h"; sourceTree = "<group>"; };
		92E6ED7A13F313230045679E /* NSString+Numbers.m */ = {isa = PBXFileReference; fileEncoding = 4; lastKnownFileType = sourcecode.c.objc; path = "NSString+Numbers.m"; sourceTree = "<group>"; };
		92E6ED7C13F313230045679E /* ButtonLabelCell.h */ = {isa = PBXFileReference; fileEncoding = 4; lastKnownFileType = sourcecode.c.h; path = ButtonLabelCell.h; sourceTree = "<group>"; };
		92E6ED7D13F313230045679E /* ButtonLabelCell.m */ = {isa = PBXFileReference; fileEncoding = 4; lastKnownFileType = sourcecode.c.objc; path = ButtonLabelCell.m; sourceTree = "<group>"; };
		92E6ED7E13F313230045679E /* DraggableImageView.h */ = {isa = PBXFileReference; fileEncoding = 4; lastKnownFileType = sourcecode.c.h; path = DraggableImageView.h; sourceTree = "<group>"; };
		92E6ED7F13F313230045679E /* DraggableImageView.m */ = {isa = PBXFileReference; fileEncoding = 4; lastKnownFileType = sourcecode.c.objc; path = DraggableImageView.m; sourceTree = "<group>"; };
		92E6ED8013F313230045679E /* ImageAndTextCell.h */ = {isa = PBXFileReference; fileEncoding = 4; lastKnownFileType = sourcecode.c.h; path = ImageAndTextCell.h; sourceTree = "<group>"; };
		92E6ED8113F313230045679E /* ImageAndTextCell.m */ = {isa = PBXFileReference; fileEncoding = 4; lastKnownFileType = sourcecode.c.objc; path = ImageAndTextCell.m; sourceTree = "<group>"; };
		92E6ED8313F313230045679E /* FileSystemNode.h */ = {isa = PBXFileReference; fileEncoding = 4; lastKnownFileType = sourcecode.c.h; path = FileSystemNode.h; sourceTree = "<group>"; };
		92E6ED8413F313230045679E /* FileSystemNode.m */ = {isa = PBXFileReference; fileEncoding = 4; lastKnownFileType = sourcecode.c.objc; path = FileSystemNode.m; sourceTree = "<group>"; };
		92E6ED8513F313230045679E /* FileSystemNodeCollection.h */ = {isa = PBXFileReference; fileEncoding = 4; lastKnownFileType = sourcecode.c.h; path = FileSystemNodeCollection.h; sourceTree = "<group>"; };
		92E6ED8613F313230045679E /* FileSystemNodeCollection.m */ = {isa = PBXFileReference; fileEncoding = 4; lastKnownFileType = sourcecode.c.objc; path = FileSystemNodeCollection.m; sourceTree = "<group>"; };
		92E6ED8813F313230045679E /* Logging.h */ = {isa = PBXFileReference; fileEncoding = 4; lastKnownFileType = sourcecode.c.h; path = Logging.h; sourceTree = "<group>"; };
		92E6ED8913F313230045679E /* PSDDFormatter.h */ = {isa = PBXFileReference; fileEncoding = 4; lastKnownFileType = sourcecode.c.h; path = PSDDFormatter.h; sourceTree = "<group>"; };
		92E6ED8A13F313230045679E /* PSDDFormatter.m */ = {isa = PBXFileReference; fileEncoding = 4; lastKnownFileType = sourcecode.c.objc; path = PSDDFormatter.m; sourceTree = "<group>"; };
		92E6ED8C13F313230045679E /* MainController.h */ = {isa = PBXFileReference; fileEncoding = 4; lastKnownFileType = sourcecode.c.h; path = MainController.h; sourceTree = "<group>"; };
		92E6ED8D13F313230045679E /* MainController.m */ = {isa = PBXFileReference; fileEncoding = 4; lastKnownFileType = sourcecode.c.objc; path = MainController.m; sourceTree = "<group>"; };
		92E6ED8E13F313230045679E /* MainMenu.xib */ = {isa = PBXFileReference; fileEncoding = 4; lastKnownFileType = file.xib; path = MainMenu.xib; sourceTree = "<group>"; };
		92E6ED8F13F313230045679E /* VGTaggerAppDelegate.h */ = {isa = PBXFileReference; fileEncoding = 4; lastKnownFileType = sourcecode.c.h; path = VGTaggerAppDelegate.h; sourceTree = "<group>"; };
		92E6ED9013F313230045679E /* VGTaggerAppDelegate.m */ = {isa = PBXFileReference; fileEncoding = 4; lastKnownFileType = sourcecode.c.objc; path = VGTaggerAppDelegate.m; sourceTree = "<group>"; };
		92E6ED9213F313230045679E /* AdvancedPreferencesView.xib */ = {isa = PBXFileReference; fileEncoding = 4; lastKnownFileType = file.xib; path = AdvancedPreferencesView.xib; sourceTree = "<group>"; };
		92E6ED9313F313230045679E /* AdvancedPreferencesViewController.h */ = {isa = PBXFileReference; fileEncoding = 4; lastKnownFileType = sourcecode.c.h; path = AdvancedPreferencesViewController.h; sourceTree = "<group>"; };
		92E6ED9413F313230045679E /* AdvancedPreferencesViewController.m */ = {isa = PBXFileReference; fileEncoding = 4; lastKnownFileType = sourcecode.c.objc; path = AdvancedPreferencesViewController.m; sourceTree = "<group>"; };
		92E6ED9513F313230045679E /* CoverView.xib */ = {isa = PBXFileReference; fileEncoding = 4; lastKnownFileType = file.xib; path = CoverView.xib; sourceTree = "<group>"; };
		92E6ED9613F313230045679E /* CoverViewController.h */ = {isa = PBXFileReference; fileEncoding = 4; lastKnownFileType = sourcecode.c.h; path = CoverViewController.h; sourceTree = "<group>"; };
		92E6ED9713F313230045679E /* CoverViewController.m */ = {isa = PBXFileReference; fileEncoding = 4; lastKnownFileType = sourcecode.c.objc; path = CoverViewController.m; sourceTree = "<group>"; };
		92E6ED9813F313230045679E /* GeneralPreferencesView.xib */ = {isa = PBXFileReference; fileEncoding = 4; lastKnownFileType = file.xib; path = GeneralPreferencesView.xib; sourceTree = "<group>"; };
		92E6ED9913F313230045679E /* GeneralPreferencesViewController.h */ = {isa = PBXFileReference; fileEncoding = 4; lastKnownFileType = sourcecode.c.h; path = GeneralPreferencesViewController.h; sourceTree = "<group>"; };
		92E6ED9A13F313230045679E /* GeneralPreferencesViewController.m */ = {isa = PBXFileReference; fileEncoding = 4; lastKnownFileType = sourcecode.c.objc; path = GeneralPreferencesViewController.m; sourceTree = "<group>"; };
		92E6ED9C13F313230045679E /* RenameDisplay.xib */ = {isa = PBXFileReference; fileEncoding = 4; lastKnownFileType = file.xib; path = RenameDisplay.xib; sourceTree = "<group>"; };
		92E6ED9D13F313230045679E /* RenamingFilesController.h */ = {isa = PBXFileReference; fileEncoding = 4; lastKnownFileType = sourcecode.c.h; path = RenamingFilesController.h; sourceTree = "<group>"; };
		92E6ED9E13F313230045679E /* RenamingFilesController.m */ = {isa = PBXFileReference; fileEncoding = 4; lastKnownFileType = sourcecode.c.objc; path = RenamingFilesController.m; sourceTree = "<group>"; };
		92E6EDA013F313230045679E /* Fields.h */ = {isa = PBXFileReference; fileEncoding = 4; lastKnownFileType = sourcecode.c.h; path = Fields.h; sourceTree = "<group>"; };
		92E6EDA213F313230045679E /* MP4Tags.h */ = {isa = PBXFileReference; fileEncoding = 4; lastKnownFileType = sourcecode.c.h; path = MP4Tags.h; sourceTree = "<group>"; };
		92E6EDA313F313230045679E /* MP4Tags.mm */ = {isa = PBXFileReference; fileEncoding = 4; lastKnownFileType = sourcecode.cpp.objcpp; path = MP4Tags.mm; sourceTree = "<group>"; };
		92E6EDA413F313230045679E /* MPEGTags.h */ = {isa = PBXFileReference; fileEncoding = 4; lastKnownFileType = sourcecode.c.h; path = MPEGTags.h; sourceTree = "<group>"; };
		92E6EDA513F313230045679E /* MPEGTags.mm */ = {isa = PBXFileReference; fileEncoding = 4; lastKnownFileType = sourcecode.cpp.objcpp; path = MPEGTags.mm; sourceTree = "<group>"; };
		92E6EDA613F313230045679E /* TagPrivate.h */ = {isa = PBXFileReference; fileEncoding = 4; lastKnownFileType = sourcecode.c.h; path = TagPrivate.h; sourceTree = "<group>"; };
		92E6EDA713F313230045679E /* Tags.h */ = {isa = PBXFileReference; fileEncoding = 4; lastKnownFileType = sourcecode.c.h; path = Tags.h; sourceTree = "<group>"; };
		92E6EDA813F313230045679E /* Tags.mm */ = {isa = PBXFileReference; fileEncoding = 4; lastKnownFileType = sourcecode.cpp.objcpp; path = Tags.mm; sourceTree = "<group>"; };
		92E6EDA913F313230045679E /* TagStructs.h */ = {isa = PBXFileReference; fileEncoding = 4; lastKnownFileType = sourcecode.c.h; path = TagStructs.h; sourceTree = "<group>"; };
		92E6EDAB13F313230045679E /* NumberToTimeTransformer.h */ = {isa = PBXFileReference; fileEncoding = 4; lastKnownFileType = sourcecode.c.h; path = NumberToTimeTransformer.h; sourceTree = "<group>"; };
		92E6EDAC13F313230045679E /* NumberToTimeTransformer.m */ = {isa = PBXFileReference; fileEncoding = 4; lastKnownFileType = sourcecode.c.objc; path = NumberToTimeTransformer.m; sourceTree = "<group>"; };
		92E6EDAE13F313230045679E /* DisplayController.h */ = {isa = PBXFileReference; fileEncoding = 4; lastKnownFileType = sourcecode.c.h; path = DisplayController.h; sourceTree = "<group>"; };
		92E6EDAF13F313230045679E /* DisplayController.m */ = {isa = PBXFileReference; fileEncoding = 4; lastKnownFileType = sourcecode.c.objc; path = DisplayController.m; sourceTree = "<group>"; };
		92E6EDB013F313230045679E /* Utility.h */ = {isa = PBXFileReference; fileEncoding = 4; lastKnownFileType = sourcecode.c.h; path = Utility.h; sourceTree = "<group>"; };
		92E6EDB113F313230045679E /* Utility.m */ = {isa = PBXFileReference; fileEncoding = 4; lastKnownFileType = sourcecode.c.objc; path = Utility.m; sourceTree = "<group>"; };
		92E6EDB213F313230045679E /* Vgmdb.rb */ = {isa = PBXFileReference; fileEncoding = 4; lastKnownFileType = text.script.ruby; path = Vgmdb.rb; sourceTree = "<group>"; };
		92E6EDB313F313230045679E /* VgmdbController.h */ = {isa = PBXFileReference; fileEncoding = 4; lastKnownFileType = sourcecode.c.h; path = VgmdbController.h; sourceTree = "<group>"; };
		92E6EDB413F313230045679E /* VgmdbController.m */ = {isa = PBXFileReference; fileEncoding = 4; lastKnownFileType = sourcecode.c.objc; path = VgmdbController.m; sourceTree = "<group>"; };
		92E6EDB513F313230045679E /* VgmdbDisplay.xib */ = {isa = PBXFileReference; fileEncoding = 4; lastKnownFileType = file.xib; path = VgmdbDisplay.xib; sourceTree = "<group>"; };
		92E6EDB613F313230045679E /* VgmdbSearch.xib */ = {isa = PBXFileReference; fileEncoding = 4; lastKnownFileType = file.xib; path = VgmdbSearch.xib; sourceTree = "<group>"; };
		92E6EDDE13F314260045679E /* English */ = {isa = PBXFileReference; lastKnownFileType = text.plist.strings; name = English; path = English.lproj/InfoPlist.strings; sourceTree = "<group>"; };
		92E6EDE213F31A090045679E /* iTunes.h */ = {isa = PBXFileReference; fileEncoding = 4; lastKnownFileType = sourcecode.c.h; path = iTunes.h; sourceTree = "<group>"; };
		92E6EDE313F320540045679E /* ScriptingBridge.framework */ = {isa = PBXFileReference; lastKnownFileType = wrapper.framework; name = ScriptingBridge.framework; path = System/Library/Frameworks/ScriptingBridge.framework; sourceTree = SDKROOT; };
		92E6EDF613F32B3C0045679E /* Quartz.framework */ = {isa = PBXFileReference; lastKnownFileType = wrapper.framework; name = Quartz.framework; path = System/Library/Frameworks/Quartz.framework; sourceTree = SDKROOT; };
		92E6EE3013F35FD50045679E /* QuickLookTableView.h */ = {isa = PBXFileReference; fileEncoding = 4; lastKnownFileType = sourcecode.c.h; path = QuickLookTableView.h; sourceTree = "<group>"; };
		92E6EE3113F35FD50045679E /* QuickLookTableView.m */ = {isa = PBXFileReference; fileEncoding = 4; lastKnownFileType = sourcecode.c.objc; path = QuickLookTableView.m; sourceTree = "<group>"; };
		92F16DAF14041AC10031E4B4 /* RegexKitLite.h */ = {isa = PBXFileReference; fileEncoding = 4; lastKnownFileType = sourcecode.c.h; path = RegexKitLite.h; sourceTree = "<group>"; };
		92F16DB014041AC10031E4B4 /* RegexKitLite.m */ = {isa = PBXFileReference; fileEncoding = 4; lastKnownFileType = sourcecode.c.objc; path = RegexKitLite.m; sourceTree = "<group>"; };
		92F16DB214041D8B0031E4B4 /* libicucore.dylib */ = {isa = PBXFileReference; lastKnownFileType = "compiled.mach-o.dylib"; name = libicucore.dylib; path = usr/lib/libicucore.dylib; sourceTree = SDKROOT; };
/* End PBXFileReference section */

/* Begin PBXFrameworksBuildPhase section */
		925CE81A13C3BD6D009D6D94 /* Frameworks */ = {
			isa = PBXFrameworksBuildPhase;
			buildActionMask = 2147483647;
			files = (
				92F16DB314041D8B0031E4B4 /* libicucore.dylib in Frameworks */,
				92E6EDF713F32B3C0045679E /* Quartz.framework in Frameworks */,
				92E6EDE413F320540045679E /* ScriptingBridge.framework in Frameworks */,
				92A3C49E13E2444A0024C7D3 /* MacRuby.framework in Frameworks */,
				9254007113F0AC8F0020C912 /* libtag.1.dylib in Frameworks */,
				922E35D713C89BF3003C5913 /* Cocoa.framework in Frameworks */,
				9293B84814AF7C7B006D96E7 /* Sparkle.framework in Frameworks */,
			);
			runOnlyForDeploymentPostprocessing = 0;
		};
/* End PBXFrameworksBuildPhase section */

/* Begin PBXGroup section */
		920660B813C89845003A3803 /* Linked Frameworks */ = {
			isa = PBXGroup;
			children = (
				92F16DB214041D8B0031E4B4 /* libicucore.dylib */,
				92E6EDF613F32B3C0045679E /* Quartz.framework */,
				92E6EDE313F320540045679E /* ScriptingBridge.framework */,
				92A3C49B13E244200024C7D3 /* MacRuby.framework */,
				922E35D613C89BF3003C5913 /* Cocoa.framework */,
			);
			name = "Linked Frameworks";
			path = ../Frameworks;
			sourceTree = "<group>";
		};
		920660BA13C89845003A3803 /* Other Sources */ = {
			isa = PBXGroup;
			children = (
				9293B84F14AF88DC006D96E7 /* appcast_automation.rb */,
				92CBDBA013F209D900B7F6C1 /* App */,
				929F152313F1E5420021F9FD /* BHDraggableImageView */,
				92C4465F13E0BF830038F817 /* BWToolKitEdits */,
				9239572C13F43D9E00A80074 /* CCTColorLabelMenuItemView */,
				929A4ACF13DA087D00244796 /* Lumberjack */,
				92A6808313EC7B130067DD5F /* MASPreferences */,
				92F16DAE14041A780031E4B4 /* RegexKitLite */,
			);
			path = "Other Sources";
			sourceTree = "<group>";
		};
		920660BD13C89845003A3803 /* Resources */ = {
			isa = PBXGroup;
			children = (
				920660BB13C89845003A3803 /* VGTagger-Info.plist */,
				928411AE13EB853600A92F3F /* defaults.plist */,
				9293B84D14AF870D006D96E7 /* config.yaml */,
				9293B84A14AF7DFA006D96E7 /* dsa_pub.pem */,
				92DECF1114ABFBAC00A956E8 /* Credits.html */,
				928557FF13EF6352002C5112 /* Test Files */,
				9264488713D773CE0035E693 /* Images */,
				9254006513F0A52F0020C912 /* Frameworks */,
				920660B813C89845003A3803 /* Linked Frameworks */,
			);
			path = Resources;
			sourceTree = "<group>";
		};
		9239572C13F43D9E00A80074 /* CCTColorLabelMenuItemView */ = {
			isa = PBXGroup;
			children = (
				9239572E13F43EB100A80074 /* CCTColorLabelMenuItemView.h */,
				9239572F13F43EB100A80074 /* CCTColorLabelMenuItemView.m */,
			);
			path = CCTColorLabelMenuItemView;
			sourceTree = "<group>";
		};
		9254006513F0A52F0020C912 /* Frameworks */ = {
			isa = PBXGroup;
			children = (
				9293B84614AF7C71006D96E7 /* Sparkle.framework */,
				920660B913C89845003A3803 /* libtag.1.dylib */,
			);
			name = Frameworks;
			path = ../Frameworks;
			sourceTree = "<group>";
		};
		925CE81213C3BD6D009D6D94 = {
			isa = PBXGroup;
			children = (
				92E6ED6D13F313230045679E /* Classes */,
				920660BD13C89845003A3803 /* Resources */,
				920660BA13C89845003A3803 /* Other Sources */,
				925CE81E13C3BD6D009D6D94 /* Products */,
				927883BF13E06E5000063D28 /* Readme.md */,
				929A4ACD13DA027C00244796 /* Changelog.md */,
				927883C013E06EED00063D28 /* Todo.md */,
			);
			sourceTree = "<group>";
		};
		925CE81E13C3BD6D009D6D94 /* Products */ = {
			isa = PBXGroup;
			children = (
				925CE81D13C3BD6D009D6D94 /* Tagger.app */,
			);
			name = Products;
			sourceTree = "<group>";
		};
		9264488713D773CE0035E693 /* Images */ = {
			isa = PBXGroup;
			children = (
				922D866813F4E54B0016B811 /* Tagger.svg */,
				922D866613F4E4EE0016B811 /* Tagger.icns */,
				922D865F13F4E4430016B811 /* Tagger.png */,
				9264488813D773CE0035E693 /* arrowLeftBlack16.tiff */,
				9264488913D773CE0035E693 /* arrowRightBlack16.tiff */,
			);
			name = Images;
			path = ../Images;
			sourceTree = "<group>";
		};
		929A4ACF13DA087D00244796 /* Lumberjack */ = {
			isa = PBXGroup;
			children = (
				929A4AD013DA087D00244796 /* DDAbstractDatabaseLogger.h */,
				929A4AD113DA087D00244796 /* DDAbstractDatabaseLogger.m */,
				929A4AD213DA087D00244796 /* DDASLLogger.h */,
				929A4AD313DA087D00244796 /* DDASLLogger.m */,
				929A4AD413DA087D00244796 /* DDFileLogger.h */,
				929A4AD513DA087D00244796 /* DDFileLogger.m */,
				929A4AD613DA087D00244796 /* DDLog.h */,
				929A4AD713DA087D00244796 /* DDLog.m */,
				929A4AD813DA087D00244796 /* DDTTYLogger.h */,
				929A4AD913DA087D00244796 /* DDTTYLogger.m */,
			);
			path = Lumberjack;
			sourceTree = "<group>";
		};
		929F152313F1E5420021F9FD /* BHDraggableImageView */ = {
			isa = PBXGroup;
			children = (
				929F152713F1E5F60021F9FD /* BHDraggableImageView.h */,
				929F152813F1E5F60021F9FD /* BHDraggableImageView.m */,
			);
			name = BHDraggableImageView;
			sourceTree = "<group>";
		};
		92A6808313EC7B130067DD5F /* MASPreferences */ = {
			isa = PBXGroup;
			children = (
				92A6808413EC7B130067DD5F /* MASPreferencesViewController.h */,
				92A6808513EC7B130067DD5F /* MASPreferencesWindow.xib */,
				92A6808613EC7B130067DD5F /* MASPreferencesWindowController.h */,
				92A6808713EC7B130067DD5F /* MASPreferencesWindowController.m */,
			);
			path = MASPreferences;
			sourceTree = "<group>";
		};
		92C4465F13E0BF830038F817 /* BWToolKitEdits */ = {
			isa = PBXGroup;
			children = (
				92C4466013E0BF830038F817 /* BWHyperlinkTitleButton.h */,
				92C4466113E0BF830038F817 /* BWHyperlinkTitleButton.m */,
				92C4466213E0BF830038F817 /* BWHyperlinkButtonCell.h */,
				92C4466313E0BF830038F817 /* BWHyperlinkButtonCell.m */,
			);
			path = BWToolKitEdits;
			sourceTree = "<group>";
		};
		92CBDBA013F209D900B7F6C1 /* App */ = {
			isa = PBXGroup;
			children = (
				92E6EDDD13F314260045679E /* InfoPlist.strings */,
				920660A413C89845003A3803 /* main.m */,
				920660BC13C89845003A3803 /* VGTagger-Prefix.pch */,
			);
			name = App;
			sourceTree = "<group>";
		};
		92D30ABD1405B0F000677B70 /* Utility */ = {
			isa = PBXGroup;
			children = (
				92D30AC11405B1B600677B70 /* IntPair.h */,
				92D30AC21405B1B600677B70 /* IntPair.m */,
			);
			path = Utility;
			sourceTree = "<group>";
		};
		92E6ED6D13F313230045679E /* Classes */ = {
			isa = PBXGroup;
			children = (
				92E6ED6E13F313230045679E /* Categories */,
				92E6ED7B13F313230045679E /* GUI */,
				92E6ED8213F313230045679E /* IO */,
				92E6ED8713F313230045679E /* Logging */,
				92E6ED9113F313230045679E /* Preferences */,
				92E6ED9B13F313230045679E /* Tagging */,
				92E6ED9F13F313230045679E /* Taglib */,
				92D30ABD1405B0F000677B70 /* Utility */,
				92E6EDAD13F313230045679E /* Vgmdb */,
				92E6ED8B13F313230045679E /* Main */,
				92E6EDAA13F313230045679E /* Transformers */,
			);
			path = Classes;
			sourceTree = "<group>";
		};
		92E6ED6E13F313230045679E /* Categories */ = {
			isa = PBXGroup;
			children = (
				92E6ED6F13F313230045679E /* NSAttributedString+Hyperlink.h */,
				92E6ED7013F313230045679E /* NSAttributedString+Hyperlink.m */,
				92E6ED7113F313230045679E /* NSImage+bitmapData.h */,
				92E6ED7213F313230045679E /* NSImage+bitmapData.m */,
				92E6ED7313F313230045679E /* NSMutableArray+Stack.h */,
				92E6ED7413F313230045679E /* NSMutableArray+Stack.m */,
				92E6ED7513F313230045679E /* NSNumber+compare.h */,
				92E6ED7613F313230045679E /* NSNumber+compare.m */,
				92E6ED7713F313230045679E /* NSString+Convert.h */,
				92E6ED7813F313230045679E /* NSString+Convert.mm */,
				92E6ED7913F313230045679E /* NSString+Numbers.h */,
				92E6ED7A13F313230045679E /* NSString+Numbers.m */,
			);
			path = Categories;
			sourceTree = "<group>";
		};
		92E6ED7B13F313230045679E /* GUI */ = {
			isa = PBXGroup;
			children = (
				92E6ED7C13F313230045679E /* ButtonLabelCell.h */,
				92E6ED7D13F313230045679E /* ButtonLabelCell.m */,
				92E6ED7E13F313230045679E /* DraggableImageView.h */,
				92E6ED7F13F313230045679E /* DraggableImageView.m */,
				92E6ED8013F313230045679E /* ImageAndTextCell.h */,
				92E6ED8113F313230045679E /* ImageAndTextCell.m */,
				92E6EE3013F35FD50045679E /* QuickLookTableView.h */,
				92E6EE3113F35FD50045679E /* QuickLookTableView.m */,
				923B846213F4B7A800524BFA /* BHFinderLabelColours.h */,
				923B846313F4B7A800524BFA /* BHFinderLabelColours.m */,
			);
			path = GUI;
			sourceTree = "<group>";
		};
		92E6ED8213F313230045679E /* IO */ = {
			isa = PBXGroup;
			children = (
				92E6ED8313F313230045679E /* FileSystemNode.h */,
				92E6ED8413F313230045679E /* FileSystemNode.m */,
				92E6ED8513F313230045679E /* FileSystemNodeCollection.h */,
				92E6ED8613F313230045679E /* FileSystemNodeCollection.m */,
			);
			path = IO;
			sourceTree = "<group>";
		};
		92E6ED8713F313230045679E /* Logging */ = {
			isa = PBXGroup;
			children = (
				92E6ED8813F313230045679E /* Logging.h */,
				92E6ED8913F313230045679E /* PSDDFormatter.h */,
				92E6ED8A13F313230045679E /* PSDDFormatter.m */,
			);
			path = Logging;
			sourceTree = "<group>";
		};
		92E6ED8B13F313230045679E /* Main */ = {
			isa = PBXGroup;
			children = (
				92E6ED8E13F313230045679E /* MainMenu.xib */,
				92E6ED8C13F313230045679E /* MainController.h */,
				92E6ED8D13F313230045679E /* MainController.m */,
				92E6ED8F13F313230045679E /* VGTaggerAppDelegate.h */,
				92E6ED9013F313230045679E /* VGTaggerAppDelegate.m */,
			);
			path = Main;
			sourceTree = "<group>";
		};
		92E6ED9113F313230045679E /* Preferences */ = {
			isa = PBXGroup;
			children = (
				92E6ED9213F313230045679E /* AdvancedPreferencesView.xib */,
				92E6ED9313F313230045679E /* AdvancedPreferencesViewController.h */,
				92E6ED9413F313230045679E /* AdvancedPreferencesViewController.m */,
				92E6ED9513F313230045679E /* CoverView.xib */,
				92E6ED9613F313230045679E /* CoverViewController.h */,
				92E6ED9713F313230045679E /* CoverViewController.m */,
				92E6ED9813F313230045679E /* GeneralPreferencesView.xib */,
				92E6ED9913F313230045679E /* GeneralPreferencesViewController.h */,
				92E6ED9A13F313230045679E /* GeneralPreferencesViewController.m */,
				921FBBED140C68AF00D1CBE8 /* ArrayDefaultsPreferencesView.xib */,
				921FBBE6140C641000D1CBE8 /* ArrayDefaultsPreferencesViewController.h */,
				921FBBEB140C682100D1CBE8 /* ArrayDefaultsPreferencesViewController.m */,
			);
			path = Preferences;
			sourceTree = "<group>";
		};
		92E6ED9B13F313230045679E /* Tagging */ = {
			isa = PBXGroup;
			children = (
				92E6EDE213F31A090045679E /* iTunes.h */,
				92E6ED9C13F313230045679E /* RenameDisplay.xib */,
				92E6ED9D13F313230045679E /* RenamingFilesController.h */,
				92E6ED9E13F313230045679E /* RenamingFilesController.m */,
			);
			path = Tagging;
			sourceTree = "<group>";
		};
		92E6ED9F13F313230045679E /* Taglib */ = {
			isa = PBXGroup;
			children = (
				92E6EDA013F313230045679E /* Fields.h */,
				92DBDEAC14AAB99A009434DB /* fields.cpp */,
				92E6EDA213F313230045679E /* MP4Tags.h */,
				92E6EDA313F313230045679E /* MP4Tags.mm */,
				92E6EDA413F313230045679E /* MPEGTags.h */,
				92E6EDA513F313230045679E /* MPEGTags.mm */,
				92E6EDA613F313230045679E /* TagPrivate.h */,
				92E6EDA713F313230045679E /* Tags.h */,
				92E6EDA813F313230045679E /* Tags.mm */,
				92E6EDA913F313230045679E /* TagStructs.h */,
			);
			path = Taglib;
			sourceTree = "<group>";
		};
		92E6EDAA13F313230045679E /* Transformers */ = {
			isa = PBXGroup;
			children = (
				92E6EDAB13F313230045679E /* NumberToTimeTransformer.h */,
				92E6EDAC13F313230045679E /* NumberToTimeTransformer.m */,
			);
			path = Transformers;
			sourceTree = "<group>";
		};
		92E6EDAD13F313230045679E /* Vgmdb */ = {
			isa = PBXGroup;
			children = (
				92E6EDAE13F313230045679E /* DisplayController.h */,
				92E6EDAF13F313230045679E /* DisplayController.m */,
				92E6EDB013F313230045679E /* Utility.h */,
				92E6EDB113F313230045679E /* Utility.m */,
				92E6EDB213F313230045679E /* Vgmdb.rb */,
				92E6EDB313F313230045679E /* VgmdbController.h */,
				92E6EDB413F313230045679E /* VgmdbController.m */,
				92E6EDB513F313230045679E /* VgmdbDisplay.xib */,
				92E6EDB613F313230045679E /* VgmdbSearch.xib */,
			);
			path = Vgmdb;
			sourceTree = "<group>";
		};
		92F16DAE14041A780031E4B4 /* RegexKitLite */ = {
			isa = PBXGroup;
			children = (
				92F16DAF14041AC10031E4B4 /* RegexKitLite.h */,
				92F16DB014041AC10031E4B4 /* RegexKitLite.m */,
			);
			path = RegexKitLite;
			sourceTree = "<group>";
		};
/* End PBXGroup section */

/* Begin PBXLegacyTarget section */
		92CEE64A13F0A23600E4C5CE /* Embed MacRuby */ = {
			isa = PBXLegacyTarget;
			buildArgumentsString = "--compile --embed --gem nokogiri --gem htmlentities";
			buildConfigurationList = 92CEE64B13F0A23600E4C5CE /* Build configuration list for PBXLegacyTarget "Embed MacRuby" */;
			buildPhases = (
			);
			buildToolPath = /usr/local/bin/macruby_deploy;
			buildWorkingDirectory = "";
			dependencies = (
				9254007313F0B4150020C912 /* PBXTargetDependency */,
			);
			name = "Embed MacRuby";
			passBuildSettingsInEnvironment = 1;
			productName = "Embed MacRuby";
		};
/* End PBXLegacyTarget section */

/* Begin PBXNativeTarget section */
		925CE81C13C3BD6D009D6D94 /* Tagger */ = {
			isa = PBXNativeTarget;
			buildConfigurationList = 925CE83B13C3BD6D009D6D94 /* Build configuration list for PBXNativeTarget "Tagger" */;
			buildPhases = (
				925CE81913C3BD6D009D6D94 /* Sources */,
				925CE81A13C3BD6D009D6D94 /* Frameworks */,
				925CE81B13C3BD6D009D6D94 /* Resources */,
				9254006613F0A80C0020C912 /* CopyFiles */,
				9293B85014AF890B006D96E7 /* ShellScript */,
			);
			buildRules = (
			);
			dependencies = (
			);
			name = Tagger;
			productName = VGTagger;
			productReference = 925CE81D13C3BD6D009D6D94 /* Tagger.app */;
			productType = "com.apple.product-type.application";
		};
/* End PBXNativeTarget section */

/* Begin PBXProject section */
		925CE81413C3BD6D009D6D94 /* Project object */ = {
			isa = PBXProject;
			attributes = {
				ORGANIZATIONNAME = "St. Andrews KY16 9XW";
			};
			buildConfigurationList = 925CE81713C3BD6D009D6D94 /* Build configuration list for PBXProject "Tagger" */;
			compatibilityVersion = "Xcode 3.2";
			developmentRegion = English;
			hasScannedForEncodings = 0;
			knownRegions = (
				en,
				English,
				fr,
			);
			mainGroup = 925CE81213C3BD6D009D6D94;
			productRefGroup = 925CE81E13C3BD6D009D6D94 /* Products */;
			projectDirPath = "";
			projectRoot = "";
			targets = (
				925CE81C13C3BD6D009D6D94 /* Tagger */,
				9273E64013D6166C002BA3A0 /* Documentation */,
				92CEE64A13F0A23600E4C5CE /* Embed MacRuby */,
				9293B85114AF8E55006D96E7 /* Sparkle */,
			);
		};
/* End PBXProject section */

/* Begin PBXResourcesBuildPhase section */
		925CE81B13C3BD6D009D6D94 /* Resources */ = {
			isa = PBXResourcesBuildPhase;
			buildActionMask = 2147483647;
			files = (
				9264488A13D773CE0035E693 /* arrowLeftBlack16.tiff in Resources */,
				9264488B13D773CE0035E693 /* arrowRightBlack16.tiff in Resources */,
				929A4ACE13DA027C00244796 /* Changelog.md in Resources */,
				928411AF13EB853600A92F3F /* defaults.plist in Resources */,
				92A6808813EC7B130067DD5F /* MASPreferencesWindow.xib in Resources */,
				92E6EDC413F313230045679E /* MainMenu.xib in Resources */,
				92E6EDC613F313230045679E /* AdvancedPreferencesView.xib in Resources */,
				92E6EDC813F313230045679E /* CoverView.xib in Resources */,
				92E6EDCA13F313230045679E /* GeneralPreferencesView.xib in Resources */,
				92E6EDCC13F313230045679E /* RenameDisplay.xib in Resources */,
				92E6EDD513F313230045679E /* Vgmdb.rb in Resources */,
				92E6EDD713F313230045679E /* VgmdbDisplay.xib in Resources */,
				92E6EDD813F313230045679E /* VgmdbSearch.xib in Resources */,
				92E6EDDF13F314260045679E /* InfoPlist.strings in Resources */,
				922D866713F4E4EE0016B811 /* Tagger.icns in Resources */,
				921FBBEE140C68AF00D1CBE8 /* ArrayDefaultsPreferencesView.xib in Resources */,
				92DECF1214ABFBAC00A956E8 /* Credits.html in Resources */,
				9293B84B14AF7DFA006D96E7 /* dsa_pub.pem in Resources */,
				9293B84E14AF870D006D96E7 /* config.yaml in Resources */,
			);
			runOnlyForDeploymentPostprocessing = 0;
		};
/* End PBXResourcesBuildPhase section */

/* Begin PBXShellScriptBuildPhase section */
		9273E64513D61678002BA3A0 /* Run Script */ = {
			isa = PBXShellScriptBuildPhase;
			buildActionMask = 2147483647;
			files = (
			);
			inputPaths = (
			);
			name = "Run Script";
			outputPaths = (
			);
			runOnlyForDeploymentPostprocessing = 0;
			shellPath = /bin/sh;
			shellScript = "/usr/local/bin/appledoc          \\\n--project-name VGTagger          \\\n--project-company \"Bilal\"        \\\n--company-id bilal               \\\n--exit-threshold 2               \\\n--output ~/Desktop/log/          \\\n--logformat xcode                \\\n--ignore .m                      \\\n--ignore .mm                     \\\n--ignore .rb                     \\\n--keep-undocumented-members      \\\n\"$PROJECT_DIR\"/Classes";
		};
		9293B85014AF890B006D96E7 /* ShellScript */ = {
			isa = PBXShellScriptBuildPhase;
			buildActionMask = 2147483647;
			files = (
			);
			inputPaths = (
			);
			outputPaths = (
			);
			runOnlyForDeploymentPostprocessing = 0;
			shellPath = /usr/bin/ruby;
			shellScript = "#!/usr/bin/env ruby -w\n#\n#################################################################################\n#                                                                               #\n#     appcast_automation.rb                                                     #\n#                                                                               #\n#     author:   Craig Williams                                                  #\n#     created:  2009-01-09                                                      #\n#                                                                               #\n#################################################################################\n#                                                                               #\n#     This program is free software: you can redistribute it and/or modify      #\n#     it under the terms of the GNU General Public License as published by      #\n#     the Free Software Foundation, either version 3 of the License, or         #\n#     (at your option) any later version.                                       #\n#                                                                               #\n#     This program is distributed in the hope that it will be useful,           #\n#     but WITHOUT ANY WARRANTY; without even the implied warranty of            #\n#     MERCHANTABILITY or FITNESS FOR A PARTICULAR PURPOSE.  See the             #\n#     GNU General Public License for more details.                              #\n#                                                                               #\n#     You should have received a copy of the GNU General Public License         #\n#     along with this program.  If not, see <http://www.gnu.org/licenses/>.     #\n#                                                                               #\n#################################################################################\n\nclass AppCast\nrequire 'rubygems'\nrequire 'yaml'\nrequire 'tmpdir'\nrequire 'fileutils'\nrequire 'openssl'\nrequire 'nokogiri'\nrequire 'base64'\n\nMESSAGE_HEADER    = 'RUN SCRIPT DURING BUILD MESSAGE'\nYAML_FOLDER_PATH    = \"#{ENV['HOME']}/Documents/Projects/_project_yaml/MVimLookup/\"\n\ndef initialize\n@signature = ''\nrequire_release_build\ninstantiate_project_variables\nload_config_file\n\n# the build_now setting in the config.yaml file\n# determines whether you want to perform this script\n# set to 'NO' until you are ready to publish\nexit_if_build_not_set_to_yes\ninstantiate_appcast_variables\nend\n\ndef main_worker_bee\ncreate_appcast_folder_and_files\nremove_old_zip_create_new_zip\nfile_stats\ncreate_key\ncreate_appcast_xml\ncopy_archive_to_appcast_path\nend\n\n# Only works for Release builds\n# Exits upon failure\ndef require_release_build\nif ENV[\"BUILD_STYLE\"] == 'Debug'\nlog_message(\"Distribution target requires 'Release' build style\")\nexit\nend\nend\n\n# Exits if no config.yaml file found.\ndef load_config_file\nconfig_file_path = \"#{YAML_FOLDER_PATH}/config.yml\"\nif !File.exists?(config_file_path)\nlog_message(\"No 'config.yaml' file found in project directory.\")\nexit\nend\n@config = YAML.load_file(config_file_path)\nend\n\ndef exit_if_build_not_set_to_yes\nif @config['build_now'] != 'YES'\nlog_message(\"The 'build_now' setting in 'config.yaml' set to 'NO'\\nIf you are wanting to include this script in\\nthe build process change this setting to 'YES'\")\nexit\nend\nend\n\ndef instantiate_project_variables\n@proj_dir               = ENV['BUILT_PRODUCTS_DIR']\n@proj_name              = ENV['PROJECT_NAME']\n@version                = `defaults read \"#{@proj_dir}/#{@proj_name}.app/Contents/Info\" CFBundleShortVersionString`\n@build_number\t\t\t= `defaults read \"#{@proj_dir}/#{@proj_name}.app/Contents/Info\" CFBundleVersion`\n@archive_filename       = \"#{@proj_name}_#{@version.chomp}.zip\" # underline character added\n@archive_path           = \"#{@proj_dir}/#{@archive_filename}\"\nend\n\ndef instantiate_appcast_variables\n@appcast_xml_name       = @config['appcast_xml_name'].chomp\n@appcast_basefolder     = @config['appcast_basefolder'].chomp\n@appcast_proj_folder    = \"#{@config['appcast_basefolder']}/#{@proj_name}_#{@version}\".chomp\n@appcast_xml_path       = \"#{@appcast_proj_folder}/#{@appcast_xml_name}\"\n@download_base_url      = @config['download_base_url']\n@keychain_privkey_name  = @config['keychain_privkey_name']\n@css_file_name          = @config['css_file_name']\n@releasenotes_url       = \"#{@download_base_url}#{@version.chomp}.html\"\n@download_url           = \"#{@download_base_url}#{@archive_filename}\"\n@appcast_download_url\t= \"#{@download_base_url}#{@appcast_xml_name}\"\nend\n\ndef remove_old_zip_create_new_zip\nDir.chdir(@proj_dir)\n`rm -f #{@proj_name}*.zip`\n`ditto -c -k --keepParent -rsrc \"#{@proj_name}.app\" \"#{@archive_filename}\"`\nend\n\ndef copy_archive_to_appcast_path\nbegin\nFileUtils.cp(@archive_path, @appcast_proj_folder)\nrescue\nlog_message(\"There was an error copying the zip file to appcast folder\\nError: #{$!}\")\nend\nend\n\ndef file_stats\n@size     = File.size(@archive_filename)\n@pubdate  = `date +\"%a, %d %b %G %T %z\"`\nend\n\ndef get_key\nkey_xml = `security find-generic-password -g -s \"#{@keychain_privkey_name}\" 2>&1 1>/dev/null`\nxml = key_xml.gsub(/\\\\012/, \"\\n\")\nxml = \"<?xml version=\".concat(xml.split(\"<?xml version=\")[1])\ndoc = Nokogiri::XML(xml)\ndoc.xpath(\"//key\").xpath(\"//string\").text\nend\n\ndef create_key\nkey = get_key\n\nif key.empty?\nlog_message(\"Unable to load signing private key with name '#{@keychain_privkey_name}' from keychain\\nFor file #{@archive_filename}\")\nexit\nend\n\nhashed = OpenSSL::Digest::SHA1.digest(File.read(\"#{@archive_path}\"))\ndsa = OpenSSL::PKey::DSA.new(key)\ndss1 = OpenSSL::Digest::DSS1.new\nsign = dsa.sign(dss1, hashed)\n@signature = Base64.encode64(sign)\n@signature = @signature.gsub(\"\\n\", '')\n\nif @signature.empty?\nlog_message(\"Unable to sign file #{@archive_filename}\")\nexit\nelse\nlog_message(\"New signature is \\n#{@signature}\")\nend\nend\n\ndef create_appcast_xml\nappcast_xml =\n\"<?xml version=\\\"1.0\\\" encoding=\\\"utf-8\\\"?>\n<rss version=\\\"2.0\\\" xmlns:sparkle=\\\"http://www.andymatuschak.org/xml-namespaces/sparkle\\\"  xmlns:dc=\\\"http://purl.org/dc/elements/1.1/\\\">\n<channel>\n<title>#{@proj_name}_#{@version.chomp}</title>\n<link>#{@appcast_download_url}</link>\n<description>Most recent changes with links to updates.</description>\n<language>en</language>\n<item>\n<title>Version #{@version.chomp}</title>\n<sparkle:releaseNotesLink>\n#{@releasenotes_url}\n</sparkle:releaseNotesLink>\n<pubDate>#{@pubdate.chomp}</pubDate>\n<enclosure url=\\\"#{@download_url.chomp}\\\"\nlength=\\\"#{@size}\\\"\ntype=\\\"application/octet-stream\\\"\nsparkle:version=\\\"#{@build_number.chomp}\\\"\nsparkle:shortVersionString=\\\"#{@version.chomp}\\\"\nsparkle:dsaSignature=\\\"#{@signature.chomp}\\\"/>\n</item>\n</channel>\n</rss>\"\n\nFile.open(@appcast_xml_path, 'w') { |f| f.puts appcast_xml }\nend\n\n# Creates the appcast folder if it does not exist\n# or is accidently moved or deleted\n# Creates an html file with generic note template if it does not exist\n# This way the notes file is named correctly as well\n# Creates a css file named from yaml file with default css\ndef create_appcast_folder_and_files\nbase_folder = @appcast_basefolder\nproject_folder = @appcast_proj_folder\n\nnotes_file = \"#{project_folder}/#{File.basename(@releasenotes_url.chomp)}\"\ncss_file_path = \"#{project_folder}/#{@css_file_name}\"\n\nDir.mkdir(base_folder)    if !File.exists?(base_folder)\nDir.mkdir(project_folder) if !File.exists?(project_folder)\n\nFile.open(notes_file, 'w') { |f| f.puts release_notes_generic_text } unless File.exists?(notes_file)\nFile.open(css_file_path, 'w') { |f| f.puts decompressed_css } unless File.exists?(css_file_path)\nend\n\ndef log_message(msg)\nputs \"\\n\\n----------------------------------------------\"\nputs MESSAGE_HEADER\nputs msg\nputs \"----------------------------------------------\\n\\n\"\nend\n\ndef decompressed_css\nreturn css_text.gsub(/\\{\\s+/, \"{\\n\\t\").gsub(/;/, \";\\n\\t\").gsub(/^\\s+\\}/, \"}\").gsub(/^\\s+/, \"\\t\")\nend\n\ndef release_notes_generic_text\nreturn \"\n<html>\n<head>\n<meta http-equiv=\\\"content-type\\\" content=\\\"text/html;charset=utf-8\\\">\n<title>What's new in #{@proj_name}?</title>\n<meta name=\\\"robots\\\" content=\\\"anchors\\\">\n<link href=\\\"rnotes.css\\\" type=\\\"text/css\\\" rel=\\\"stylesheet\\\" media=\\\"all\\\">\n</head>\n\n<body>\n<br />\n<table class=\\\"dots\\\" width=\\\"100%\\\" border=\\\"0\\\" cellspacing=\\\"0\\\" cellpadding=\\\"0\\\" summary=\\\"Two column table with heading\\\">\n<tr>\n<td class=\\\"blue\\\" colspan=\\\"2\\\">\n<h3>#{@proj_name} #{@version.chomp} Release Notes</h3>\n</td>\n</tr>\n<tr>\n<td valign=\\\"top\\\">\n<p>\n<ul>\n<li>DESCRIPTION</li>\n</ul>\n</p>\n</td>\n</tr>\n</table>\n<br>\n</body>\n\n</html>\"\nend\n\n# This css will be expanded to a normal, easily editable form when written to file\ndef css_text\nreturn \"\nbody { margin: 2px 12px 12px; }\nh1 h2 h3 p ol ul a a:hover { font-family: \\\"Lucida Grande\\\", Arial, sans-serif; }\nh1 { font-size: 11pt; margin-bottom: 0; }\nh2 { font-size: 9pt; margin-top: 0; margin-bottom: -10px; }\nh3 { font-size: 9pt; font-weight: bold; margin-top: -4px; margin-bottom: -4px; }\np { font-size: 9pt; line-height: 12pt; text-decoration: none; }\nol { font-size: 9pt; line-height: 12pt; list-style-position: outside; margin-top: 12px; margin-bottom: 12px; margin-left: -18px; padding-left: 40px; }\nol li { margin-top: 6px; margin-bottom: 6px; }\nol p { margin-top: 6px; margin-bottom: 6px; }\nul { font-size: 9pt; line-height: 12pt; list-style-type: square; list-style-position: outside; margin-top: 12px; margin-bottom: 12px; margin-left: -24px; padding-left: 40px; }\nul li { margin-top: 6px; margin-bottom: 6px; }\nul p { margin-top: 6px; margin-bottom: 6px; }\na { color: #00f; font-size: 9pt; line-height: 12pt; text-decoration: none; }\na:hover { color: #00f; text-decoration: underline; }\nhr { text-decoration: none; border: solid 1px #bfbfbf; }\ntd { padding: 6px; }\n#banner { background-color: #f2f2f2; background-repeat: no-repeat; padding: -2px 6px 0; position: fixed; top: 0; left: 0; width: 100%; height: 1.2em; float: left; border: solid 1px #bfbfbf; }\n#caticon { margin-top: 3px; margin-bottom: -3px; margin-right: 5px; float: left; }\n#pagetitle { margin-top: 12px; margin-bottom: 0px; margin-left: 40px; width: 88%; border: solid 1px #fff; }\n#mainbox { margin-top: 2349px; padding-right: 6px; }\n#taskbox { background-color: #e6edff; list-style-type: decimal; list-style-position: outside; margin: 12px 0; padding: 2px 12px; border: solid 1px #bfbfbf; }\n#taskbox h2 { margin-top: 8; margin-bottom: -4px; }\n#machelp { position: absolute; top: 2px; left: 10px ; }\n#index { background-color: #f2f2f2; padding-right: 25px; top: 2px; right: 12px; width: auto; float: right; }\n#next { position: absolute; top: 49px; left: 88%; }\n#asindent { margin-left: 22px; font-size: 9pt; font-family: Verdana, Courier, sans-serif; }\n.bread { color: #00f; font-size: 8pt; margin: -9px 0 -6px; }\n.leftborder { color: #00f; font-size: 8pt; margin: -9px 0 -6px; padding-top: 2px; padding-bottom: 3px; padding-left: 8px; border-left: 1px solid #bfbfbf; }\n.mult { margin-top: -8px; }\n.blue { background-color: #e6edff; margin-top: -3px; margin-bottom: -3px; padding-top: -3px; padding-bottom: -3px; }\n.rightfloater { float: right; margin-left: 15px; }\n.rules { border-bottom: 1px dotted #ccc; }\n.dots { border: dotted 1px #ccc; }\n.seealso { margin-top: 4px; margin-bottom: 4px; }\ncode { color: black; font-size: 9pt; font-family: Verdana, Courier, sans-serif; }\"\nend\nend\n\nif __FILE__ == $0\nnewAppcast = AppCast.new\nnewAppcast.main_worker_bee\nnewAppcast.log_message(\"It appears all went well with the build script!\")\nend\n";
		};
		9293B85514AF8E5A006D96E7 /* ShellScript */ = {
			isa = PBXShellScriptBuildPhase;
			buildActionMask = 2147483647;
			files = (
			);
			inputPaths = (
			);
			outputPaths = (
			);
			runOnlyForDeploymentPostprocessing = 0;
			shellPath = /bin/sh;
			shellScript = "\"$PROJECT_DIR/Other Sources/appcast_automation.rb\"";
		};
/* End PBXShellScriptBuildPhase section */

/* Begin PBXSourcesBuildPhase section */
		925CE81913C3BD6D009D6D94 /* Sources */ = {
			isa = PBXSourcesBuildPhase;
			buildActionMask = 2147483647;
			files = (
				920660E113C89845003A3803 /* main.m in Sources */,
				929A4ADA13DA087D00244796 /* DDAbstractDatabaseLogger.m in Sources */,
				929A4ADB13DA087D00244796 /* DDASLLogger.m in Sources */,
				929A4ADC13DA087D00244796 /* DDFileLogger.m in Sources */,
				929A4ADD13DA087D00244796 /* DDLog.m in Sources */,
				929A4ADE13DA087D00244796 /* DDTTYLogger.m in Sources */,
				92C4466413E0BF830038F817 /* BWHyperlinkTitleButton.m in Sources */,
				92C4466513E0BF830038F817 /* BWHyperlinkButtonCell.m in Sources */,
				92A6808913EC7B130067DD5F /* MASPreferencesWindowController.m in Sources */,
				929F152913F1E5F60021F9FD /* BHDraggableImageView.m in Sources */,
				92E6EDB713F313230045679E /* NSAttributedString+Hyperlink.m in Sources */,
				92E6EDB813F313230045679E /* NSImage+bitmapData.m in Sources */,
				92E6EDB913F313230045679E /* NSMutableArray+Stack.m in Sources */,
				92E6EDBA13F313230045679E /* NSNumber+compare.m in Sources */,
				92E6EDBB13F313230045679E /* NSString+Convert.mm in Sources */,
				92E6EDBC13F313230045679E /* NSString+Numbers.m in Sources */,
				92E6EDBD13F313230045679E /* ButtonLabelCell.m in Sources */,
				92E6EDBE13F313230045679E /* DraggableImageView.m in Sources */,
				92E6EDBF13F313230045679E /* ImageAndTextCell.m in Sources */,
				92E6EDC013F313230045679E /* FileSystemNode.m in Sources */,
				92E6EDC113F313230045679E /* FileSystemNodeCollection.m in Sources */,
				92E6EDC213F313230045679E /* PSDDFormatter.m in Sources */,
				92E6EDC313F313230045679E /* MainController.m in Sources */,
				92E6EDC513F313230045679E /* VGTaggerAppDelegate.m in Sources */,
				92E6EDC713F313230045679E /* AdvancedPreferencesViewController.m in Sources */,
				92E6EDC913F313230045679E /* CoverViewController.m in Sources */,
				92E6EDCB13F313230045679E /* GeneralPreferencesViewController.m in Sources */,
				92E6EDCD13F313230045679E /* RenamingFilesController.m in Sources */,
				92E6EDCF13F313230045679E /* MP4Tags.mm in Sources */,
				92E6EDD013F313230045679E /* MPEGTags.mm in Sources */,
				92E6EDD113F313230045679E /* Tags.mm in Sources */,
				92E6EDD213F313230045679E /* NumberToTimeTransformer.m in Sources */,
				92E6EDD313F313230045679E /* DisplayController.m in Sources */,
				92E6EDD413F313230045679E /* Utility.m in Sources */,
				92E6EDD613F313230045679E /* VgmdbController.m in Sources */,
				92E6EE3213F35FD50045679E /* QuickLookTableView.m in Sources */,
				9239573013F43EB100A80074 /* CCTColorLabelMenuItemView.m in Sources */,
				923B846413F4B7A800524BFA /* BHFinderLabelColours.m in Sources */,
				92F16DB114041AC10031E4B4 /* RegexKitLite.m in Sources */,
				92D30AC31405B1B600677B70 /* IntPair.m in Sources */,
				921FBBEC140C682100D1CBE8 /* ArrayDefaultsPreferencesViewController.m in Sources */,
				92DBDEAD14AAB99A009434DB /* fields.cpp in Sources */,
			);
			runOnlyForDeploymentPostprocessing = 0;
		};
/* End PBXSourcesBuildPhase section */

/* Begin PBXTargetDependency section */
		9254007313F0B4150020C912 /* PBXTargetDependency */ = {
			isa = PBXTargetDependency;
			target = 925CE81C13C3BD6D009D6D94 /* Tagger */;
			targetProxy = 9254007213F0B4150020C912 /* PBXContainerItemProxy */;
		};
/* End PBXTargetDependency section */

/* Begin PBXVariantGroup section */
		92E6EDDD13F314260045679E /* InfoPlist.strings */ = {
			isa = PBXVariantGroup;
			children = (
				92E6EDDE13F314260045679E /* English */,
			);
			name = InfoPlist.strings;
			sourceTree = "<group>";
		};
/* End PBXVariantGroup section */

/* Begin XCBuildConfiguration section */
		925CE83913C3BD6D009D6D94 /* Debug */ = {
			isa = XCBuildConfiguration;
			buildSettings = {
				ARCHS = "$(ARCHS_STANDARD_32_64_BIT)";
				GCC_C_LANGUAGE_STANDARD = gnu99;
				GCC_OPTIMIZATION_LEVEL = 0;
				GCC_PREPROCESSOR_DEFINITIONS = DEBUG;
				GCC_SYMBOLS_PRIVATE_EXTERN = NO;
				GCC_VERSION = com.apple.compilers.llvm.clang.1_0;
				GCC_WARN_64_TO_32_BIT_CONVERSION = YES;
				GCC_WARN_ABOUT_RETURN_TYPE = YES;
				GCC_WARN_UNUSED_VARIABLE = YES;
				MACOSX_DEPLOYMENT_TARGET = 10.6;
				ONLY_ACTIVE_ARCH = YES;
				SDKROOT = macosx;
			};
			name = Debug;
		};
		925CE83A13C3BD6D009D6D94 /* Release */ = {
			isa = XCBuildConfiguration;
			buildSettings = {
				ARCHS = "$(ARCHS_STANDARD_32_64_BIT)";
				GCC_C_LANGUAGE_STANDARD = gnu99;
				GCC_VERSION = com.apple.compilers.llvm.clang.1_0;
				GCC_WARN_64_TO_32_BIT_CONVERSION = YES;
				GCC_WARN_ABOUT_RETURN_TYPE = YES;
				GCC_WARN_UNUSED_VARIABLE = YES;
				MACOSX_DEPLOYMENT_TARGET = 10.6;
				SDKROOT = macosx;
			};
			name = Release;
		};
		925CE83C13C3BD6D009D6D94 /* Debug */ = {
			isa = XCBuildConfiguration;
			buildSettings = {
				ALWAYS_SEARCH_USER_PATHS = NO;
				ARCHS = "$(ARCHS_STANDARD_64_BIT)";
				COPY_PHASE_STRIP = NO;
				FRAMEWORK_SEARCH_PATHS = (
					"$(inherited)",
					"\"$(SRCROOT)/Frameworks\"",
				);
				GCC_C_LANGUAGE_STANDARD = "compiler-default";
				GCC_DYNAMIC_NO_PIC = NO;
				GCC_ENABLE_OBJC_EXCEPTIONS = YES;
				GCC_ENABLE_OBJC_GC = required;
				GCC_ENABLE_PASCAL_STRINGS = YES;
				GCC_FORCE_CPU_SUBTYPE_ALL = NO;
				GCC_PRECOMPILE_PREFIX_HEADER = YES;
				GCC_PREFIX_HEADER = "Other Sources/VGTagger-Prefix.pch";
				GCC_USE_STANDARD_INCLUDE_SEARCHING = YES;
				GCC_VERSION = "";
				INFOPLIST_FILE = "Other Sources/VGTagger-Info.plist";
				LD_RUNPATH_SEARCH_PATHS = "";
				LIBRARY_SEARCH_PATHS = (
					"$(inherited)",
					"$(SRCROOT)/Frameworks",
				);
				LLVM_LTO = NO;
				MACOSX_DEPLOYMENT_TARGET = 10.6;
				OTHER_CFLAGS = "";
				OTHER_CPLUSPLUSFLAGS = "";
				"OTHER_CPLUSPLUSFLAGS[arch=*]" = (
					"-I/usr/local/include/taglib",
					"-L@executable_path/../Resources",
				);
				OTHER_LDFLAGS = "";
				PRODUCT_NAME = "$(TARGET_NAME)";
				VALID_ARCHS = x86_64;
				WRAPPER_EXTENSION = app;
			};
			name = Debug;
		};
		925CE83D13C3BD6D009D6D94 /* Release */ = {
			isa = XCBuildConfiguration;
			buildSettings = {
				ALWAYS_SEARCH_USER_PATHS = NO;
				ARCHS = "$(ARCHS_STANDARD_64_BIT)";
				COPY_PHASE_STRIP = YES;
				DEBUG_INFORMATION_FORMAT = "dwarf-with-dsym";
				FRAMEWORK_SEARCH_PATHS = (
					"$(inherited)",
					"\"$(SRCROOT)/Frameworks\"",
				);
				GCC_C_LANGUAGE_STANDARD = "compiler-default";
				GCC_ENABLE_OBJC_EXCEPTIONS = YES;
				GCC_ENABLE_OBJC_GC = required;
				GCC_ENABLE_PASCAL_STRINGS = YES;
				GCC_FORCE_CPU_SUBTYPE_ALL = NO;
				GCC_PRECOMPILE_PREFIX_HEADER = YES;
				GCC_PREFIX_HEADER = "Other Sources/VGTagger-Prefix.pch";
				GCC_USE_STANDARD_INCLUDE_SEARCHING = YES;
				GCC_VERSION = "";
				INFOPLIST_FILE = "Other Sources/VGTagger-Info.plist";
				LD_RUNPATH_SEARCH_PATHS = "";
				LIBRARY_SEARCH_PATHS = (
					"$(inherited)",
					"$(SRCROOT)/Frameworks",
				);
				LLVM_LTO = NO;
				MACOSX_DEPLOYMENT_TARGET = 10.6;
				OTHER_CFLAGS = "";
				OTHER_CPLUSPLUSFLAGS = "";
				"OTHER_CPLUSPLUSFLAGS[arch=*]" = (
					"-I/usr/local/include/taglib",
					"-L@executable_path/../Resources",
				);
				OTHER_LDFLAGS = "";
				PRODUCT_NAME = "$(TARGET_NAME)";
				VALID_ARCHS = x86_64;
				WRAPPER_EXTENSION = app;
			};
			name = Release;
		};
		9273E64113D6166C002BA3A0 /* Debug */ = {
			isa = XCBuildConfiguration;
			buildSettings = {
				ARCHS = "$(ARCHS_STANDARD_64_BIT)";
				PRODUCT_NAME = "$(TARGET_NAME)";
			};
			name = Debug;
		};
		9273E64213D6166C002BA3A0 /* Release */ = {
			isa = XCBuildConfiguration;
			buildSettings = {
				ARCHS = "$(ARCHS_STANDARD_64_BIT)";
				PRODUCT_NAME = "$(TARGET_NAME)";
			};
			name = Release;
		};
		9293B85314AF8E55006D96E7 /* Debug */ = {
			isa = XCBuildConfiguration;
			buildSettings = {
				ARCHS = "$(ARCHS_STANDARD_64_BIT)";
				PRODUCT_NAME = "$(TARGET_NAME)";
			};
			name = Debug;
		};
		9293B85414AF8E55006D96E7 /* Release */ = {
			isa = XCBuildConfiguration;
			buildSettings = {
				ARCHS = "$(ARCHS_STANDARD_64_BIT)";
				PRODUCT_NAME = "$(TARGET_NAME)";
			};
			name = Release;
		};
		92CEE64C13F0A23600E4C5CE /* Debug */ = {
			isa = XCBuildConfiguration;
			buildSettings = {
				ALWAYS_SEARCH_USER_PATHS = NO;
				ARCHS = "$(ARCHS_STANDARD_64_BIT)";
				COPY_PHASE_STRIP = NO;
				DEBUGGING_SYMBOLS = YES;
				GCC_DYNAMIC_NO_PIC = NO;
				GCC_ENABLE_OBJC_EXCEPTIONS = YES;
				GCC_GENERATE_DEBUGGING_SYMBOLS = YES;
				GCC_OPTIMIZATION_LEVEL = 0;
				OTHER_CFLAGS = "";
				OTHER_LDFLAGS = "";
				PRODUCT_NAME = "$(TARGET_NAME)";
			};
			name = Debug;
		};
		92CEE64D13F0A23600E4C5CE /* Release */ = {
			isa = XCBuildConfiguration;
			buildSettings = {
				ALWAYS_SEARCH_USER_PATHS = NO;
				ARCHS = "$(ARCHS_STANDARD_64_BIT)";
				COPY_PHASE_STRIP = YES;
				DEBUG_INFORMATION_FORMAT = "dwarf-with-dsym";
				GCC_ENABLE_OBJC_EXCEPTIONS = YES;
				OTHER_CFLAGS = "";
				OTHER_LDFLAGS = "";
				PRODUCT_NAME = "$(TARGET_NAME)";
			};
			name = Release;
		};
/* End XCBuildConfiguration section */

/* Begin XCConfigurationList section */
		925CE81713C3BD6D009D6D94 /* Build configuration list for PBXProject "Tagger" */ = {
			isa = XCConfigurationList;
			buildConfigurations = (
				925CE83913C3BD6D009D6D94 /* Debug */,
				925CE83A13C3BD6D009D6D94 /* Release */,
			);
			defaultConfigurationIsVisible = 0;
			defaultConfigurationName = Release;
		};
		925CE83B13C3BD6D009D6D94 /* Build configuration list for PBXNativeTarget "Tagger" */ = {
			isa = XCConfigurationList;
			buildConfigurations = (
				925CE83C13C3BD6D009D6D94 /* Debug */,
				925CE83D13C3BD6D009D6D94 /* Release */,
			);
			defaultConfigurationIsVisible = 0;
			defaultConfigurationName = Release;
		};
		9273E64313D6166C002BA3A0 /* Build configuration list for PBXAggregateTarget "Documentation" */ = {
			isa = XCConfigurationList;
			buildConfigurations = (
				9273E64113D6166C002BA3A0 /* Debug */,
				9273E64213D6166C002BA3A0 /* Release */,
			);
			defaultConfigurationIsVisible = 0;
			defaultConfigurationName = Release;
		};
		9293B85214AF8E55006D96E7 /* Build configuration list for PBXAggregateTarget "Sparkle" */ = {
			isa = XCConfigurationList;
			buildConfigurations = (
				9293B85314AF8E55006D96E7 /* Debug */,
				9293B85414AF8E55006D96E7 /* Release */,
			);
			defaultConfigurationIsVisible = 0;
			defaultConfigurationName = Release;
		};
		92CEE64B13F0A23600E4C5CE /* Build configuration list for PBXLegacyTarget "Embed MacRuby" */ = {
			isa = XCConfigurationList;
			buildConfigurations = (
				92CEE64C13F0A23600E4C5CE /* Debug */,
				92CEE64D13F0A23600E4C5CE /* Release */,
			);
			defaultConfigurationIsVisible = 0;
			defaultConfigurationName = Release;
		};
/* End XCConfigurationList section */
	};
	rootObject = 925CE81413C3BD6D009D6D94 /* Project object */;
}
