// !$*UTF8*$!
{
	archiveVersion = 1;
	classes = {
	};
	objectVersion = 46;
	objects = {

/* Begin PBXBuildFile section */
		9201935713CF6D050085E167 /* MP4Tags.mm in Sources */ = {isa = PBXBuildFile; fileRef = 9201935613CF6D050085E167 /* MP4Tags.mm */; };
		9201935C13CFBBC20085E167 /* NSString+Convert.mm in Sources */ = {isa = PBXBuildFile; fileRef = 9201935B13CFBBC20085E167 /* NSString+Convert.mm */; };
		920660E113C89845003A3803 /* main.m in Sources */ = {isa = PBXBuildFile; fileRef = 920660A413C89845003A3803 /* main.m */; };
		920660E213C89845003A3803 /* MainController.m in Sources */ = {isa = PBXBuildFile; fileRef = 920660A613C89845003A3803 /* MainController.m */; };
		920660E313C89845003A3803 /* VgmdbDisplay.xib in Resources */ = {isa = PBXBuildFile; fileRef = 920660A713C89845003A3803 /* VgmdbDisplay.xib */; };
		920660E413C89845003A3803 /* DisplayController.m in Sources */ = {isa = PBXBuildFile; fileRef = 920660A913C89845003A3803 /* DisplayController.m */; };
		920660E513C89845003A3803 /* Tags.mm in Sources */ = {isa = PBXBuildFile; fileRef = 920660AB13C89845003A3803 /* Tags.mm */; };
		920660E613C89845003A3803 /* Vgmdb.rb in Resources */ = {isa = PBXBuildFile; fileRef = 920660AC13C89845003A3803 /* Vgmdb.rb */; };
		920660E713C89845003A3803 /* VgmdbController.m in Sources */ = {isa = PBXBuildFile; fileRef = 920660AE13C89845003A3803 /* VgmdbController.m */; };
		920660E813C89845003A3803 /* VGTaggerAppDelegate.m in Sources */ = {isa = PBXBuildFile; fileRef = 920660B013C89845003A3803 /* VGTaggerAppDelegate.m */; };
		920660EC13C89845003A3803 /* libtag.dylib in Frameworks */ = {isa = PBXBuildFile; fileRef = 920660B913C89845003A3803 /* libtag.dylib */; };
		922D30C013CA77A1008EED70 /* Utility.m in Sources */ = {isa = PBXBuildFile; fileRef = 922D30BF13CA77A1008EED70 /* Utility.m */; };
		922E35D713C89BF3003C5913 /* Cocoa.framework in Frameworks */ = {isa = PBXBuildFile; fileRef = 922E35D613C89BF3003C5913 /* Cocoa.framework */; };
		922E35DA13C89C04003C5913 /* MacRuby.framework in Frameworks */ = {isa = PBXBuildFile; fileRef = 922E35D913C89C04003C5913 /* MacRuby.framework */; };
		922E35E213C89C51003C5913 /* InfoPlist.strings in Resources */ = {isa = PBXBuildFile; fileRef = 922E35DC13C89C51003C5913 /* InfoPlist.strings */; };
		922E35E313C89C51003C5913 /* MainMenu.xib in Resources */ = {isa = PBXBuildFile; fileRef = 922E35DE13C89C51003C5913 /* MainMenu.xib */; };
		922E35E713C89FB9003C5913 /* libtag.dylib in Resources */ = {isa = PBXBuildFile; fileRef = 920660B913C89845003A3803 /* libtag.dylib */; };
		92364F7613C8DE5200044153 /* VgmdbSearch.xib in Resources */ = {isa = PBXBuildFile; fileRef = 92364F7413C8DE5200044153 /* VgmdbSearch.xib */; };
		92FCBF5413CE83D10011F744 /* FileSystemNode.m in Sources */ = {isa = PBXBuildFile; fileRef = 92FCBF5313CE83D10011F744 /* FileSystemNode.m */; };
/* End PBXBuildFile section */

/* Begin PBXFileReference section */
		9201935513CF6D050085E167 /* MP4Tags.h */ = {isa = PBXFileReference; fileEncoding = 4; lastKnownFileType = sourcecode.c.h; path = MP4Tags.h; sourceTree = "<group>"; };
		9201935613CF6D050085E167 /* MP4Tags.mm */ = {isa = PBXFileReference; fileEncoding = 4; lastKnownFileType = sourcecode.cpp.objcpp; path = MP4Tags.mm; sourceTree = "<group>"; };
		9201935813CF91DC0085E167 /* TagStructs.h */ = {isa = PBXFileReference; fileEncoding = 4; lastKnownFileType = sourcecode.c.h; path = TagStructs.h; sourceTree = "<group>"; };
		9201935A13CFBBC20085E167 /* NSString+Convert.h */ = {isa = PBXFileReference; fileEncoding = 4; lastKnownFileType = sourcecode.c.h; path = "NSString+Convert.h"; sourceTree = "<group>"; };
		9201935B13CFBBC20085E167 /* NSString+Convert.mm */ = {isa = PBXFileReference; fileEncoding = 4; lastKnownFileType = sourcecode.cpp.objcpp; path = "NSString+Convert.mm"; sourceTree = "<group>"; };
		920660A413C89845003A3803 /* main.m */ = {isa = PBXFileReference; fileEncoding = 4; lastKnownFileType = sourcecode.c.objc; path = main.m; sourceTree = "<group>"; };
		920660A513C89845003A3803 /* MainController.h */ = {isa = PBXFileReference; fileEncoding = 4; lastKnownFileType = sourcecode.c.h; path = MainController.h; sourceTree = "<group>"; };
		920660A613C89845003A3803 /* MainController.m */ = {isa = PBXFileReference; fileEncoding = 4; lastKnownFileType = sourcecode.c.objc; path = MainController.m; sourceTree = "<group>"; };
		920660A713C89845003A3803 /* VgmdbDisplay.xib */ = {isa = PBXFileReference; fileEncoding = 4; lastKnownFileType = file.xib; path = VgmdbDisplay.xib; sourceTree = "<group>"; };
		920660A813C89845003A3803 /* DisplayController.h */ = {isa = PBXFileReference; fileEncoding = 4; lastKnownFileType = sourcecode.c.h; path = DisplayController.h; sourceTree = "<group>"; };
		920660A913C89845003A3803 /* DisplayController.m */ = {isa = PBXFileReference; fileEncoding = 4; lastKnownFileType = sourcecode.c.objc; path = DisplayController.m; sourceTree = "<group>"; };
		920660AA13C89845003A3803 /* Tags.h */ = {isa = PBXFileReference; fileEncoding = 4; lastKnownFileType = sourcecode.c.h; path = Tags.h; sourceTree = "<group>"; };
		920660AB13C89845003A3803 /* Tags.mm */ = {isa = PBXFileReference; fileEncoding = 4; lastKnownFileType = sourcecode.cpp.objcpp; path = Tags.mm; sourceTree = "<group>"; };
		920660AC13C89845003A3803 /* Vgmdb.rb */ = {isa = PBXFileReference; fileEncoding = 4; lastKnownFileType = text.script.ruby; path = Vgmdb.rb; sourceTree = "<group>"; };
		920660AD13C89845003A3803 /* VgmdbController.h */ = {isa = PBXFileReference; fileEncoding = 4; lastKnownFileType = sourcecode.c.h; path = VgmdbController.h; sourceTree = "<group>"; };
		920660AE13C89845003A3803 /* VgmdbController.m */ = {isa = PBXFileReference; fileEncoding = 4; lastKnownFileType = sourcecode.c.objc; path = VgmdbController.m; sourceTree = "<group>"; };
		920660AF13C89845003A3803 /* VGTaggerAppDelegate.h */ = {isa = PBXFileReference; fileEncoding = 4; lastKnownFileType = sourcecode.c.h; path = VGTaggerAppDelegate.h; sourceTree = "<group>"; };
		920660B013C89845003A3803 /* VGTaggerAppDelegate.m */ = {isa = PBXFileReference; fileEncoding = 4; lastKnownFileType = sourcecode.c.objc; path = VGTaggerAppDelegate.m; sourceTree = "<group>"; };
		920660B913C89845003A3803 /* libtag.dylib */ = {isa = PBXFileReference; lastKnownFileType = "compiled.mach-o.dylib"; path = libtag.dylib; sourceTree = "<group>"; };
		920660BB13C89845003A3803 /* VGTagger-Info.plist */ = {isa = PBXFileReference; fileEncoding = 4; lastKnownFileType = text.plist.xml; path = "VGTagger-Info.plist"; sourceTree = "<group>"; };
		920660BC13C89845003A3803 /* VGTagger-Prefix.pch */ = {isa = PBXFileReference; fileEncoding = 4; lastKnownFileType = sourcecode.c.h; path = "VGTagger-Prefix.pch"; sourceTree = "<group>"; };
		920660BF13C89845003A3803 /* aac.m4a */ = {isa = PBXFileReference; lastKnownFileType = file; path = aac.m4a; sourceTree = "<group>"; };
		920660C013C89845003A3803 /* lossless.m4a */ = {isa = PBXFileReference; lastKnownFileType = file; path = lossless.m4a; sourceTree = "<group>"; };
		920660C113C89845003A3803 /* mp3.mp3 */ = {isa = PBXFileReference; lastKnownFileType = audio.mp3; path = mp3.mp3; sourceTree = "<group>"; };
		920660C213C89845003A3803 /* test.html */ = {isa = PBXFileReference; fileEncoding = 4; lastKnownFileType = text.html; path = test.html; sourceTree = "<group>"; };
		920660C313C89845003A3803 /* test2.html */ = {isa = PBXFileReference; fileEncoding = 4; lastKnownFileType = text.html; path = test2.html; sourceTree = "<group>"; };
		920660C413C89845003A3803 /* test3.html */ = {isa = PBXFileReference; fileEncoding = 4; lastKnownFileType = text.html; path = test3.html; sourceTree = "<group>"; };
		920660C613C89845003A3803 /* a.js */ = {isa = PBXFileReference; fileEncoding = 4; lastKnownFileType = sourcecode.javascript; path = a.js; sourceTree = "<group>"; };
		920660C713C89845003A3803 /* button-add-big.png */ = {isa = PBXFileReference; lastKnownFileType = image.png; path = "button-add-big.png"; sourceTree = "<group>"; };
		920660C813C89845003A3803 /* button-cancel.gif */ = {isa = PBXFileReference; lastKnownFileType = image.gif; path = "button-cancel.gif"; sourceTree = "<group>"; };
		920660C913C89845003A3803 /* connection-min.js */ = {isa = PBXFileReference; fileEncoding = 4; lastKnownFileType = sourcecode.javascript; path = "connection-min.js"; sourceTree = "<group>"; };
		920660CA13C89845003A3803 /* defaulten.css */ = {isa = PBXFileReference; fileEncoding = 4; lastKnownFileType = text.css; path = defaulten.css; sourceTree = "<group>"; };
		920660CB13C89845003A3803 /* defaulten.js */ = {isa = PBXFileReference; fileEncoding = 4; lastKnownFileType = sourcecode.javascript; path = defaulten.js; sourceTree = "<group>"; };
		920660CC13C89845003A3803 /* ga.js */ = {isa = PBXFileReference; fileEncoding = 4; lastKnownFileType = sourcecode.javascript; path = ga.js; sourceTree = "<group>"; };
		920660CD13C89845003A3803 /* highslide.css */ = {isa = PBXFileReference; fileEncoding = 4; lastKnownFileType = text.css; path = highslide.css; sourceTree = "<group>"; };
		920660CE13C89845003A3803 /* highslide.js */ = {isa = PBXFileReference; fileEncoding = 4; lastKnownFileType = sourcecode.javascript; path = highslide.js; sourceTree = "<group>"; };
		920660CF13C89845003A3803 /* jquery-1.js */ = {isa = PBXFileReference; fileEncoding = 4; lastKnownFileType = sourcecode.javascript; path = "jquery-1.js"; sourceTree = "<group>"; };
		920660D013C89845003A3803 /* jquery.css */ = {isa = PBXFileReference; fileEncoding = 4; lastKnownFileType = text.css; path = jquery.css; sourceTree = "<group>"; };
		920660D113C89845003A3803 /* jquery.js */ = {isa = PBXFileReference; fileEncoding = 4; lastKnownFileType = sourcecode.javascript; path = jquery.js; sourceTree = "<group>"; };
		920660D213C89845003A3803 /* jquery_002.css */ = {isa = PBXFileReference; fileEncoding = 4; lastKnownFileType = text.css; path = jquery_002.css; sourceTree = "<group>"; };
		920660D313C89845003A3803 /* jquery_002.js */ = {isa = PBXFileReference; fileEncoding = 4; lastKnownFileType = sourcecode.javascript; path = jquery_002.js; sourceTree = "<group>"; };
		920660D413C89845003A3803 /* jquery_003.css */ = {isa = PBXFileReference; fileEncoding = 4; lastKnownFileType = text.css; path = jquery_003.css; sourceTree = "<group>"; };
		920660D513C89845003A3803 /* jsapi.js */ = {isa = PBXFileReference; fileEncoding = 4; lastKnownFileType = sourcecode.javascript; path = jsapi.js; sourceTree = "<group>"; };
		920660D613C89845003A3803 /* menu_open.gif */ = {isa = PBXFileReference; lastKnownFileType = image.gif; path = menu_open.gif; sourceTree = "<group>"; };
		920660D713C89845003A3803 /* tab.html */ = {isa = PBXFileReference; fileEncoding = 4; lastKnownFileType = text.html; path = tab.html; sourceTree = "<group>"; };
		920660D813C89845003A3803 /* vbulletin_global.js */ = {isa = PBXFileReference; fileEncoding = 4; lastKnownFileType = sourcecode.javascript; path = vbulletin_global.js; sourceTree = "<group>"; };
		920660D913C89845003A3803 /* vbulletin_important.css */ = {isa = PBXFileReference; fileEncoding = 4; lastKnownFileType = text.css; path = vbulletin_important.css; sourceTree = "<group>"; };
		920660DA13C89845003A3803 /* vbulletin_md5.js */ = {isa = PBXFileReference; fileEncoding = 4; lastKnownFileType = sourcecode.javascript; path = vbulletin_md5.js; sourceTree = "<group>"; };
		920660DB13C89845003A3803 /* vbulletin_menu.js */ = {isa = PBXFileReference; fileEncoding = 4; lastKnownFileType = sourcecode.javascript; path = vbulletin_menu.js; sourceTree = "<group>"; };
		920660DC13C89845003A3803 /* vgmdb-colorcode-title.css */ = {isa = PBXFileReference; fileEncoding = 4; lastKnownFileType = text.css; path = "vgmdb-colorcode-title.css"; sourceTree = "<group>"; };
		920660DD13C89845003A3803 /* vgmdb.css */ = {isa = PBXFileReference; fileEncoding = 4; lastKnownFileType = text.css; path = vgmdb.css; sourceTree = "<group>"; };
		920660DE13C89845003A3803 /* vgmdb_global.js */ = {isa = PBXFileReference; fileEncoding = 4; lastKnownFileType = sourcecode.javascript; path = vgmdb_global.js; sourceTree = "<group>"; };
		920660DF13C89845003A3803 /* vgmdblogo.png */ = {isa = PBXFileReference; lastKnownFileType = image.png; path = vgmdblogo.png; sourceTree = "<group>"; };
		920660E013C89845003A3803 /* yahoo-dom-event.js */ = {isa = PBXFileReference; fileEncoding = 4; lastKnownFileType = sourcecode.javascript; path = "yahoo-dom-event.js"; sourceTree = "<group>"; };
		922D30BE13CA77A1008EED70 /* Utility.h */ = {isa = PBXFileReference; fileEncoding = 4; lastKnownFileType = sourcecode.c.h; path = Utility.h; sourceTree = "<group>"; };
		922D30BF13CA77A1008EED70 /* Utility.m */ = {isa = PBXFileReference; fileEncoding = 4; lastKnownFileType = sourcecode.c.objc; path = Utility.m; sourceTree = "<group>"; };
		922E35D613C89BF3003C5913 /* Cocoa.framework */ = {isa = PBXFileReference; lastKnownFileType = wrapper.framework; name = Cocoa.framework; path = System/Library/Frameworks/Cocoa.framework; sourceTree = SDKROOT; };
		922E35D913C89C04003C5913 /* MacRuby.framework */ = {isa = PBXFileReference; lastKnownFileType = wrapper.framework; name = MacRuby.framework; path = Library/Frameworks/MacRuby.framework; sourceTree = SDKROOT; };
		922E35DD13C89C51003C5913 /* English */ = {isa = PBXFileReference; lastKnownFileType = text.plist.strings; name = English; path = InfoPlist.strings; sourceTree = "<group>"; };
		922E35DF13C89C51003C5913 /* English */ = {isa = PBXFileReference; lastKnownFileType = file.xib; name = English; path = MainMenu.xib; sourceTree = "<group>"; };
		92364F7513C8DE5200044153 /* English */ = {isa = PBXFileReference; lastKnownFileType = file.xib; name = English; path = VgmdbSearch.xib; sourceTree = "<group>"; };
		925CE81D13C3BD6D009D6D94 /* VGTagger.app */ = {isa = PBXFileReference; explicitFileType = wrapper.application; includeInIndex = 0; path = VGTagger.app; sourceTree = BUILT_PRODUCTS_DIR; };
		92FCBF5213CE83D10011F744 /* FileSystemNode.h */ = {isa = PBXFileReference; fileEncoding = 4; lastKnownFileType = sourcecode.c.h; path = FileSystemNode.h; sourceTree = "<group>"; };
		92FCBF5313CE83D10011F744 /* FileSystemNode.m */ = {isa = PBXFileReference; fileEncoding = 4; lastKnownFileType = sourcecode.c.objc; path = FileSystemNode.m; sourceTree = "<group>"; };
/* End PBXFileReference section */

/* Begin PBXFrameworksBuildPhase section */
		925CE81A13C3BD6D009D6D94 /* Frameworks */ = {
			isa = PBXFrameworksBuildPhase;
			buildActionMask = 2147483647;
			files = (
				922E35DA13C89C04003C5913 /* MacRuby.framework in Frameworks */,
				922E35D713C89BF3003C5913 /* Cocoa.framework in Frameworks */,
				920660EC13C89845003A3803 /* libtag.dylib in Frameworks */,
			);
			runOnlyForDeploymentPostprocessing = 0;
		};
/* End PBXFrameworksBuildPhase section */

/* Begin PBXGroup section */
		9201935913CF95FA0085E167 /* IO */ = {
			isa = PBXGroup;
			children = (
				92FCBF5213CE83D10011F744 /* FileSystemNode.h */,
				92FCBF5313CE83D10011F744 /* FileSystemNode.m */,
			);
			name = IO;
			sourceTree = "<group>";
		};
		920660A313C89845003A3803 /* Classes */ = {
			isa = PBXGroup;
			children = (
				92364F7813C8E0C900044153 /* TagLib */,
				9201935913CF95FA0085E167 /* IO */,
				92364F7913C8E0E900044153 /* Vgmdb */,
				920660A513C89845003A3803 /* MainController.h */,
				920660A613C89845003A3803 /* MainController.m */,
				920660AF13C89845003A3803 /* VGTaggerAppDelegate.h */,
				920660B013C89845003A3803 /* VGTaggerAppDelegate.m */,
			);
			path = Classes;
			sourceTree = "<group>";
		};
		920660B813C89845003A3803 /* Frameworks */ = {
			isa = PBXGroup;
			children = (
				922E35D913C89C04003C5913 /* MacRuby.framework */,
				922E35D613C89BF3003C5913 /* Cocoa.framework */,
				920660B913C89845003A3803 /* libtag.dylib */,
			);
			path = Frameworks;
			sourceTree = "<group>";
		};
		920660BA13C89845003A3803 /* Other Sources */ = {
			isa = PBXGroup;
			children = (
				920660A413C89845003A3803 /* main.m */,
				920660BB13C89845003A3803 /* VGTagger-Info.plist */,
				920660BC13C89845003A3803 /* VGTagger-Prefix.pch */,
			);
			path = "Other Sources";
			sourceTree = "<group>";
		};
		920660BD13C89845003A3803 /* Resources */ = {
			isa = PBXGroup;
			children = (
			);
			path = Resources;
			sourceTree = "<group>";
		};
		920660BE13C89845003A3803 /* Test Files */ = {
			isa = PBXGroup;
			children = (
				920660BF13C89845003A3803 /* aac.m4a */,
				920660C013C89845003A3803 /* lossless.m4a */,
				920660C113C89845003A3803 /* mp3.mp3 */,
				920660C213C89845003A3803 /* test.html */,
				920660C313C89845003A3803 /* test2.html */,
				920660C413C89845003A3803 /* test3.html */,
				920660C513C89845003A3803 /* test3_files */,
			);
			path = "Test Files";
			sourceTree = "<group>";
		};
		920660C513C89845003A3803 /* test3_files */ = {
			isa = PBXGroup;
			children = (
				920660C613C89845003A3803 /* a.js */,
				920660C713C89845003A3803 /* button-add-big.png */,
				920660C813C89845003A3803 /* button-cancel.gif */,
				920660C913C89845003A3803 /* connection-min.js */,
				920660CA13C89845003A3803 /* defaulten.css */,
				920660CB13C89845003A3803 /* defaulten.js */,
				920660CC13C89845003A3803 /* ga.js */,
				920660CD13C89845003A3803 /* highslide.css */,
				920660CE13C89845003A3803 /* highslide.js */,
				920660CF13C89845003A3803 /* jquery-1.js */,
				920660D013C89845003A3803 /* jquery.css */,
				920660D113C89845003A3803 /* jquery.js */,
				920660D213C89845003A3803 /* jquery_002.css */,
				920660D313C89845003A3803 /* jquery_002.js */,
				920660D413C89845003A3803 /* jquery_003.css */,
				920660D513C89845003A3803 /* jsapi.js */,
				920660D613C89845003A3803 /* menu_open.gif */,
				920660D713C89845003A3803 /* tab.html */,
				920660D813C89845003A3803 /* vbulletin_global.js */,
				920660D913C89845003A3803 /* vbulletin_important.css */,
				920660DA13C89845003A3803 /* vbulletin_md5.js */,
				920660DB13C89845003A3803 /* vbulletin_menu.js */,
				920660DC13C89845003A3803 /* vgmdb-colorcode-title.css */,
				920660DD13C89845003A3803 /* vgmdb.css */,
				920660DE13C89845003A3803 /* vgmdb_global.js */,
				920660DF13C89845003A3803 /* vgmdblogo.png */,
				920660E013C89845003A3803 /* yahoo-dom-event.js */,
			);
			path = test3_files;
			sourceTree = "<group>";
		};
		922E35DB13C89C51003C5913 /* English.lproj */ = {
			isa = PBXGroup;
			children = (
				92364F7413C8DE5200044153 /* VgmdbSearch.xib */,
				920660A713C89845003A3803 /* VgmdbDisplay.xib */,
				922E35DC13C89C51003C5913 /* InfoPlist.strings */,
				922E35DE13C89C51003C5913 /* MainMenu.xib */,
			);
			path = English.lproj;
			sourceTree = "<group>";
		};
		92364F7813C8E0C900044153 /* TagLib */ = {
			isa = PBXGroup;
			children = (
				920660AA13C89845003A3803 /* Tags.h */,
				9201935613CF6D050085E167 /* MP4Tags.mm */,
				9201935513CF6D050085E167 /* MP4Tags.h */,
				920660AB13C89845003A3803 /* Tags.mm */,
				9201935813CF91DC0085E167 /* TagStructs.h */,
				9201935A13CFBBC20085E167 /* NSString+Convert.h */,
				9201935B13CFBBC20085E167 /* NSString+Convert.mm */,
			);
			name = TagLib;
			sourceTree = "<group>";
		};
		92364F7913C8E0E900044153 /* Vgmdb */ = {
			isa = PBXGroup;
			children = (
				920660AC13C89845003A3803 /* Vgmdb.rb */,
				920660A813C89845003A3803 /* DisplayController.h */,
				920660A913C89845003A3803 /* DisplayController.m */,
				920660AD13C89845003A3803 /* VgmdbController.h */,
				920660AE13C89845003A3803 /* VgmdbController.m */,
				922D30BE13CA77A1008EED70 /* Utility.h */,
				922D30BF13CA77A1008EED70 /* Utility.m */,
			);
			name = Vgmdb;
			sourceTree = "<group>";
		};
		925CE81213C3BD6D009D6D94 = {
			isa = PBXGroup;
			children = (
				920660A313C89845003A3803 /* Classes */,
				922E35DB13C89C51003C5913 /* English.lproj */,
				920660B813C89845003A3803 /* Frameworks */,
				920660BD13C89845003A3803 /* Resources */,
				920660BA13C89845003A3803 /* Other Sources */,
				920660BE13C89845003A3803 /* Test Files */,
				925CE81E13C3BD6D009D6D94 /* Products */,
			);
			sourceTree = "<group>";
		};
		925CE81E13C3BD6D009D6D94 /* Products */ = {
			isa = PBXGroup;
			children = (
				925CE81D13C3BD6D009D6D94 /* VGTagger.app */,
			);
			name = Products;
			sourceTree = "<group>";
		};
/* End PBXGroup section */

/* Begin PBXNativeTarget section */
		925CE81C13C3BD6D009D6D94 /* VGTagger */ = {
			isa = PBXNativeTarget;
			buildConfigurationList = 925CE83B13C3BD6D009D6D94 /* Build configuration list for PBXNativeTarget "VGTagger" */;
			buildPhases = (
				925CE81913C3BD6D009D6D94 /* Sources */,
				925CE81A13C3BD6D009D6D94 /* Frameworks */,
				925CE81B13C3BD6D009D6D94 /* Resources */,
			);
			buildRules = (
			);
			dependencies = (
			);
			name = VGTagger;
			productName = VGTagger;
			productReference = 925CE81D13C3BD6D009D6D94 /* VGTagger.app */;
			productType = "com.apple.product-type.application";
		};
/* End PBXNativeTarget section */

/* Begin PBXProject section */
		925CE81413C3BD6D009D6D94 /* Project object */ = {
			isa = PBXProject;
			attributes = {
				ORGANIZATIONNAME = "St. Andrews KY16 9XW";
			};
			buildConfigurationList = 925CE81713C3BD6D009D6D94 /* Build configuration list for PBXProject "VGTagger" */;
			compatibilityVersion = "Xcode 3.2";
			developmentRegion = English;
			hasScannedForEncodings = 0;
			knownRegions = (
				en,
				English,
			);
			mainGroup = 925CE81213C3BD6D009D6D94;
			productRefGroup = 925CE81E13C3BD6D009D6D94 /* Products */;
			projectDirPath = "";
			projectRoot = "";
			targets = (
				925CE81C13C3BD6D009D6D94 /* VGTagger */,
			);
		};
/* End PBXProject section */

/* Begin PBXResourcesBuildPhase section */
		925CE81B13C3BD6D009D6D94 /* Resources */ = {
			isa = PBXResourcesBuildPhase;
			buildActionMask = 2147483647;
			files = (
				920660E313C89845003A3803 /* VgmdbDisplay.xib in Resources */,
				922E35E713C89FB9003C5913 /* libtag.dylib in Resources */,
				920660E613C89845003A3803 /* Vgmdb.rb in Resources */,
				922E35E213C89C51003C5913 /* InfoPlist.strings in Resources */,
				922E35E313C89C51003C5913 /* MainMenu.xib in Resources */,
				92364F7613C8DE5200044153 /* VgmdbSearch.xib in Resources */,
			);
			runOnlyForDeploymentPostprocessing = 0;
		};
/* End PBXResourcesBuildPhase section */

/* Begin PBXSourcesBuildPhase section */
		925CE81913C3BD6D009D6D94 /* Sources */ = {
			isa = PBXSourcesBuildPhase;
			buildActionMask = 2147483647;
			files = (
				920660E113C89845003A3803 /* main.m in Sources */,
				920660E213C89845003A3803 /* MainController.m in Sources */,
				920660E413C89845003A3803 /* DisplayController.m in Sources */,
				920660E513C89845003A3803 /* Tags.mm in Sources */,
				920660E713C89845003A3803 /* VgmdbController.m in Sources */,
				920660E813C89845003A3803 /* VGTaggerAppDelegate.m in Sources */,
				922D30C013CA77A1008EED70 /* Utility.m in Sources */,
				92FCBF5413CE83D10011F744 /* FileSystemNode.m in Sources */,
				9201935713CF6D050085E167 /* MP4Tags.mm in Sources */,
				9201935C13CFBBC20085E167 /* NSString+Convert.mm in Sources */,
			);
			runOnlyForDeploymentPostprocessing = 0;
		};
/* End PBXSourcesBuildPhase section */

/* Begin PBXVariantGroup section */
		922E35DC13C89C51003C5913 /* InfoPlist.strings */ = {
			isa = PBXVariantGroup;
			children = (
				922E35DD13C89C51003C5913 /* English */,
			);
			name = InfoPlist.strings;
			sourceTree = "<group>";
		};
		922E35DE13C89C51003C5913 /* MainMenu.xib */ = {
			isa = PBXVariantGroup;
			children = (
				922E35DF13C89C51003C5913 /* English */,
			);
			name = MainMenu.xib;
			sourceTree = "<group>";
		};
		92364F7413C8DE5200044153 /* VgmdbSearch.xib */ = {
			isa = PBXVariantGroup;
			children = (
				92364F7513C8DE5200044153 /* English */,
			);
			name = VgmdbSearch.xib;
			sourceTree = "<group>";
		};
/* End PBXVariantGroup section */

/* Begin XCBuildConfiguration section */
		925CE83913C3BD6D009D6D94 /* Debug */ = {
			isa = XCBuildConfiguration;
			buildSettings = {
				ARCHS = "$(ARCHS_STANDARD_32_64_BIT)";
				GCC_C_LANGUAGE_STANDARD = gnu99;
				GCC_OPTIMIZATION_LEVEL = 0;
				GCC_PREPROCESSOR_DEFINITIONS = DEBUG;
				GCC_SYMBOLS_PRIVATE_EXTERN = NO;
				GCC_VERSION = com.apple.compilers.llvm.clang.1_0;
				GCC_WARN_64_TO_32_BIT_CONVERSION = YES;
				GCC_WARN_ABOUT_RETURN_TYPE = YES;
				GCC_WARN_UNUSED_VARIABLE = YES;
				MACOSX_DEPLOYMENT_TARGET = 10.6;
				ONLY_ACTIVE_ARCH = YES;
				SDKROOT = macosx;
			};
			name = Debug;
		};
		925CE83A13C3BD6D009D6D94 /* Release */ = {
			isa = XCBuildConfiguration;
			buildSettings = {
				ARCHS = "$(ARCHS_STANDARD_32_64_BIT)";
				GCC_C_LANGUAGE_STANDARD = gnu99;
				GCC_VERSION = com.apple.compilers.llvm.clang.1_0;
				GCC_WARN_64_TO_32_BIT_CONVERSION = YES;
				GCC_WARN_ABOUT_RETURN_TYPE = YES;
				GCC_WARN_UNUSED_VARIABLE = YES;
				MACOSX_DEPLOYMENT_TARGET = 10.6;
				SDKROOT = macosx;
			};
			name = Release;
		};
		925CE83C13C3BD6D009D6D94 /* Debug */ = {
			isa = XCBuildConfiguration;
			buildSettings = {
				ALWAYS_SEARCH_USER_PATHS = NO;
				ARCHS = "$(ARCHS_STANDARD_64_BIT)";
				COPY_PHASE_STRIP = NO;
				FRAMEWORK_SEARCH_PATHS = "";
				GCC_C_LANGUAGE_STANDARD = "compiler-default";
				GCC_DYNAMIC_NO_PIC = NO;
				GCC_ENABLE_OBJC_EXCEPTIONS = YES;
				GCC_ENABLE_OBJC_GC = required;
				GCC_ENABLE_PASCAL_STRINGS = YES;
				GCC_FORCE_CPU_SUBTYPE_ALL = NO;
				GCC_PRECOMPILE_PREFIX_HEADER = YES;
				GCC_PREFIX_HEADER = "Other Sources/VGTagger-Prefix.pch";
				GCC_USE_STANDARD_INCLUDE_SEARCHING = YES;
				GCC_VERSION = "";
				INFOPLIST_FILE = "Other Sources/VGTagger-Info.plist";
				LD_RUNPATH_SEARCH_PATHS = "@executable_path/../Resources";
				LIBRARY_SEARCH_PATHS = "";
				LLVM_LTO = NO;
				OTHER_CFLAGS = "";
				OTHER_CPLUSPLUSFLAGS = "";
				"OTHER_CPLUSPLUSFLAGS[arch=*]" = (
					"-I/usr/local/include/taglib",
					"-L@executable_path/../Resources",
				);
				OTHER_LDFLAGS = "-ltag";
				PRODUCT_NAME = "$(TARGET_NAME)";
				VALID_ARCHS = x86_64;
				WRAPPER_EXTENSION = app;
			};
			name = Debug;
		};
		925CE83D13C3BD6D009D6D94 /* Release */ = {
			isa = XCBuildConfiguration;
			buildSettings = {
				ALWAYS_SEARCH_USER_PATHS = NO;
				ARCHS = "$(ARCHS_STANDARD_64_BIT)";
				COPY_PHASE_STRIP = YES;
				DEBUG_INFORMATION_FORMAT = "dwarf-with-dsym";
				FRAMEWORK_SEARCH_PATHS = "";
				GCC_C_LANGUAGE_STANDARD = "compiler-default";
				GCC_ENABLE_OBJC_EXCEPTIONS = YES;
				GCC_ENABLE_OBJC_GC = required;
				GCC_ENABLE_PASCAL_STRINGS = YES;
				GCC_FORCE_CPU_SUBTYPE_ALL = NO;
				GCC_PRECOMPILE_PREFIX_HEADER = YES;
				GCC_PREFIX_HEADER = "Other Sources/VGTagger-Prefix.pch";
				GCC_USE_STANDARD_INCLUDE_SEARCHING = YES;
				GCC_VERSION = "";
				INFOPLIST_FILE = "Other Sources/VGTagger-Info.plist";
				LD_RUNPATH_SEARCH_PATHS = "@executable_path/../Resources";
				LIBRARY_SEARCH_PATHS = "";
				LLVM_LTO = NO;
				OTHER_CFLAGS = "";
				OTHER_CPLUSPLUSFLAGS = "";
				"OTHER_CPLUSPLUSFLAGS[arch=*]" = (
					"-I/usr/local/include/taglib",
					"-L@executable_path/../Resources",
				);
				OTHER_LDFLAGS = "-ltag";
				PRODUCT_NAME = "$(TARGET_NAME)";
				VALID_ARCHS = x86_64;
				WRAPPER_EXTENSION = app;
			};
			name = Release;
		};
/* End XCBuildConfiguration section */

/* Begin XCConfigurationList section */
		925CE81713C3BD6D009D6D94 /* Build configuration list for PBXProject "VGTagger" */ = {
			isa = XCConfigurationList;
			buildConfigurations = (
				925CE83913C3BD6D009D6D94 /* Debug */,
				925CE83A13C3BD6D009D6D94 /* Release */,
			);
			defaultConfigurationIsVisible = 0;
			defaultConfigurationName = Release;
		};
		925CE83B13C3BD6D009D6D94 /* Build configuration list for PBXNativeTarget "VGTagger" */ = {
			isa = XCConfigurationList;
			buildConfigurations = (
				925CE83C13C3BD6D009D6D94 /* Debug */,
				925CE83D13C3BD6D009D6D94 /* Release */,
			);
			defaultConfigurationIsVisible = 0;
			defaultConfigurationName = Release;
		};
/* End XCConfigurationList section */
	};
	rootObject = 925CE81413C3BD6D009D6D94 /* Project object */;
}
